// !$*UTF8*$!
{
	archiveVersion = 1;
	classes = {
	};
	objectVersion = 48;
	objects = {

/* Begin PBXBuildFile section */
		107157422006E58B00BE3739 /* AppDelegate.swift in Sources */ = {isa = PBXBuildFile; fileRef = 107157412006E58B00BE3739 /* AppDelegate.swift */; };
		107157472006E58B00BE3739 /* Main.storyboard in Resources */ = {isa = PBXBuildFile; fileRef = 107157452006E58B00BE3739 /* Main.storyboard */; };
		1071574A2006E58B00BE3739 /* WorkoutHIITTimer.xcdatamodeld in Sources */ = {isa = PBXBuildFile; fileRef = 107157482006E58B00BE3739 /* WorkoutHIITTimer.xcdatamodeld */; };
		1071574C2006E58B00BE3739 /* Assets.xcassets in Resources */ = {isa = PBXBuildFile; fileRef = 1071574B2006E58B00BE3739 /* Assets.xcassets */; };
		1071574F2006E58B00BE3739 /* LaunchScreen.storyboard in Resources */ = {isa = PBXBuildFile; fileRef = 1071574D2006E58B00BE3739 /* LaunchScreen.storyboard */; };
		1071575B2006EBC000BE3739 /* MainMenuTableViewController.swift in Sources */ = {isa = PBXBuildFile; fileRef = 1071575A2006EBC000BE3739 /* MainMenuTableViewController.swift */; };
		107157602006F61F00BE3739 /* MainMenuTableViewCell.swift in Sources */ = {isa = PBXBuildFile; fileRef = 1071575E2006F61F00BE3739 /* MainMenuTableViewCell.swift */; };
		107157612006F61F00BE3739 /* MainMenuTableViewCell.xib in Resources */ = {isa = PBXBuildFile; fileRef = 1071575F2006F61F00BE3739 /* MainMenuTableViewCell.xib */; };
		1076F811200A388B0080E1D3 /* RoundTimerTableViewController.swift in Sources */ = {isa = PBXBuildFile; fileRef = 1076F810200A388B0080E1D3 /* RoundTimerTableViewController.swift */; };
		1076F814200A3A400080E1D3 /* UITextTableViewCell.swift in Sources */ = {isa = PBXBuildFile; fileRef = 1076F812200A3A400080E1D3 /* UITextTableViewCell.swift */; };
		1076F815200A3A400080E1D3 /* UITextTableViewCell.xib in Resources */ = {isa = PBXBuildFile; fileRef = 1076F813200A3A400080E1D3 /* UITextTableViewCell.xib */; };
		1076F821200B8AAE0080E1D3 /* UISwitchTableViewHeader.swift in Sources */ = {isa = PBXBuildFile; fileRef = 1076F820200B8AAE0080E1D3 /* UISwitchTableViewHeader.swift */; };
		1076F823200B8B280080E1D3 /* UISwitchTableViewHeader.xib in Resources */ = {isa = PBXBuildFile; fileRef = 1076F822200B8B280080E1D3 /* UISwitchTableViewHeader.xib */; };
		1076F825200B9DB20080E1D3 /* UITableViewHeader.swift in Sources */ = {isa = PBXBuildFile; fileRef = 1076F824200B9DB20080E1D3 /* UITableViewHeader.swift */; };
		1076F827200B9DE50080E1D3 /* UITableViewHeader.xib in Resources */ = {isa = PBXBuildFile; fileRef = 1076F826200B9DE50080E1D3 /* UITableViewHeader.xib */; };
		1076F829200BA61F0080E1D3 /* UISwitchTableViewHeaderDelegate.swift in Sources */ = {isa = PBXBuildFile; fileRef = 1076F828200BA61F0080E1D3 /* UISwitchTableViewHeaderDelegate.swift */; };
		1076F82B200BBF4E0080E1D3 /* CustomCellActions.swift in Sources */ = {isa = PBXBuildFile; fileRef = 1076F82A200BBF4E0080E1D3 /* CustomCellActions.swift */; };
		1076F82E200BFB7E0080E1D3 /* UISegmentTableViewCell.swift in Sources */ = {isa = PBXBuildFile; fileRef = 1076F82C200BFB7E0080E1D3 /* UISegmentTableViewCell.swift */; };
		1076F82F200BFB7E0080E1D3 /* UISegmentTableViewCell.xib in Resources */ = {isa = PBXBuildFile; fileRef = 1076F82D200BFB7E0080E1D3 /* UISegmentTableViewCell.xib */; };
		1076F831200C0DE90080E1D3 /* RoundTimer.swift in Sources */ = {isa = PBXBuildFile; fileRef = 1076F830200C0DE90080E1D3 /* RoundTimer.swift */; };
		1076F834200C0E5F0080E1D3 /* TimerType.swift in Sources */ = {isa = PBXBuildFile; fileRef = 1076F833200C0E5F0080E1D3 /* TimerType.swift */; };
		1076F836200C10D50080E1D3 /* TimerInfo.swift in Sources */ = {isa = PBXBuildFile; fileRef = 1076F835200C10D50080E1D3 /* TimerInfo.swift */; };
		1076F83A200C219F0080E1D3 /* TimerDirection.swift in Sources */ = {isa = PBXBuildFile; fileRef = 1076F839200C219F0080E1D3 /* TimerDirection.swift */; };
		1076F83C200C23C30080E1D3 /* SubTimer.swift in Sources */ = {isa = PBXBuildFile; fileRef = 1076F83B200C23C30080E1D3 /* SubTimer.swift */; };
		1076F83E200C240B0080E1D3 /* TimerWarnings.swift in Sources */ = {isa = PBXBuildFile; fileRef = 1076F83D200C240B0080E1D3 /* TimerWarnings.swift */; };
		1076F840200C26BA0080E1D3 /* Timer.swift in Sources */ = {isa = PBXBuildFile; fileRef = 1076F83F200C26BA0080E1D3 /* Timer.swift */; };
		10F12727200C4CF500DE7F6D /* TableViewData.swift in Sources */ = {isa = PBXBuildFile; fileRef = 10F12726200C4CF500DE7F6D /* TableViewData.swift */; };
		10F1272A200CD05F00DE7F6D /* UIPickerTableViewCell.swift in Sources */ = {isa = PBXBuildFile; fileRef = 10F12728200CD05F00DE7F6D /* UIPickerTableViewCell.swift */; };
		10F1272B200CD05F00DE7F6D /* UIPickerTableViewCell.xib in Resources */ = {isa = PBXBuildFile; fileRef = 10F12729200CD05F00DE7F6D /* UIPickerTableViewCell.xib */; };
		10F1272E200CD07600DE7F6D /* UIPickerExpansionTableViewCell.swift in Sources */ = {isa = PBXBuildFile; fileRef = 10F1272C200CD07600DE7F6D /* UIPickerExpansionTableViewCell.swift */; };
		10F1272F200CD07600DE7F6D /* UIPickerExpansionTableViewCell.xib in Resources */ = {isa = PBXBuildFile; fileRef = 10F1272D200CD07600DE7F6D /* UIPickerExpansionTableViewCell.xib */; };
		DDF7FC73496A17B72E02E785 /* Pods_WorkoutHIITTimer.framework in Frameworks */ = {isa = PBXBuildFile; fileRef = DEDD5326F1F367F10C356E3F /* Pods_WorkoutHIITTimer.framework */; };
/* End PBXBuildFile section */

/* Begin PBXFileReference section */
		1071573E2006E58B00BE3739 /* WorkoutHIITTimer.app */ = {isa = PBXFileReference; explicitFileType = wrapper.application; includeInIndex = 0; path = WorkoutHIITTimer.app; sourceTree = BUILT_PRODUCTS_DIR; };
		107157412006E58B00BE3739 /* AppDelegate.swift */ = {isa = PBXFileReference; lastKnownFileType = sourcecode.swift; path = AppDelegate.swift; sourceTree = "<group>"; };
		107157462006E58B00BE3739 /* Base */ = {isa = PBXFileReference; lastKnownFileType = file.storyboard; name = Base; path = Base.lproj/Main.storyboard; sourceTree = "<group>"; };
		107157492006E58B00BE3739 /* WorkoutHIITTimer.xcdatamodel */ = {isa = PBXFileReference; lastKnownFileType = wrapper.xcdatamodel; path = WorkoutHIITTimer.xcdatamodel; sourceTree = "<group>"; };
		1071574B2006E58B00BE3739 /* Assets.xcassets */ = {isa = PBXFileReference; lastKnownFileType = folder.assetcatalog; path = Assets.xcassets; sourceTree = "<group>"; };
		1071574E2006E58B00BE3739 /* Base */ = {isa = PBXFileReference; lastKnownFileType = file.storyboard; name = Base; path = Base.lproj/LaunchScreen.storyboard; sourceTree = "<group>"; };
		107157502006E58B00BE3739 /* Info.plist */ = {isa = PBXFileReference; lastKnownFileType = text.plist.xml; path = Info.plist; sourceTree = "<group>"; };
		1071575A2006EBC000BE3739 /* MainMenuTableViewController.swift */ = {isa = PBXFileReference; lastKnownFileType = sourcecode.swift; path = MainMenuTableViewController.swift; sourceTree = "<group>"; };
		1071575E2006F61F00BE3739 /* MainMenuTableViewCell.swift */ = {isa = PBXFileReference; lastKnownFileType = sourcecode.swift; path = MainMenuTableViewCell.swift; sourceTree = "<group>"; };
		1071575F2006F61F00BE3739 /* MainMenuTableViewCell.xib */ = {isa = PBXFileReference; lastKnownFileType = file.xib; path = MainMenuTableViewCell.xib; sourceTree = "<group>"; };
		1076F810200A388B0080E1D3 /* RoundTimerTableViewController.swift */ = {isa = PBXFileReference; lastKnownFileType = sourcecode.swift; path = RoundTimerTableViewController.swift; sourceTree = "<group>"; };
		1076F812200A3A400080E1D3 /* UITextTableViewCell.swift */ = {isa = PBXFileReference; lastKnownFileType = sourcecode.swift; path = UITextTableViewCell.swift; sourceTree = "<group>"; };
		1076F813200A3A400080E1D3 /* UITextTableViewCell.xib */ = {isa = PBXFileReference; lastKnownFileType = file.xib; path = UITextTableViewCell.xib; sourceTree = "<group>"; };
		1076F820200B8AAE0080E1D3 /* UISwitchTableViewHeader.swift */ = {isa = PBXFileReference; lastKnownFileType = sourcecode.swift; path = UISwitchTableViewHeader.swift; sourceTree = "<group>"; };
		1076F822200B8B280080E1D3 /* UISwitchTableViewHeader.xib */ = {isa = PBXFileReference; lastKnownFileType = file.xib; path = UISwitchTableViewHeader.xib; sourceTree = "<group>"; };
		1076F824200B9DB20080E1D3 /* UITableViewHeader.swift */ = {isa = PBXFileReference; lastKnownFileType = sourcecode.swift; path = UITableViewHeader.swift; sourceTree = "<group>"; };
		1076F826200B9DE50080E1D3 /* UITableViewHeader.xib */ = {isa = PBXFileReference; lastKnownFileType = file.xib; path = UITableViewHeader.xib; sourceTree = "<group>"; };
		1076F828200BA61F0080E1D3 /* UISwitchTableViewHeaderDelegate.swift */ = {isa = PBXFileReference; lastKnownFileType = sourcecode.swift; path = UISwitchTableViewHeaderDelegate.swift; sourceTree = "<group>"; };
		1076F82A200BBF4E0080E1D3 /* CustomCellActions.swift */ = {isa = PBXFileReference; lastKnownFileType = sourcecode.swift; path = CustomCellActions.swift; sourceTree = "<group>"; };
		1076F82C200BFB7E0080E1D3 /* UISegmentTableViewCell.swift */ = {isa = PBXFileReference; lastKnownFileType = sourcecode.swift; path = UISegmentTableViewCell.swift; sourceTree = "<group>"; };
		1076F82D200BFB7E0080E1D3 /* UISegmentTableViewCell.xib */ = {isa = PBXFileReference; lastKnownFileType = file.xib; path = UISegmentTableViewCell.xib; sourceTree = "<group>"; };
		1076F830200C0DE90080E1D3 /* RoundTimer.swift */ = {isa = PBXFileReference; lastKnownFileType = sourcecode.swift; path = RoundTimer.swift; sourceTree = "<group>"; };
		1076F833200C0E5F0080E1D3 /* TimerType.swift */ = {isa = PBXFileReference; lastKnownFileType = sourcecode.swift; path = TimerType.swift; sourceTree = "<group>"; };
		1076F835200C10D50080E1D3 /* TimerInfo.swift */ = {isa = PBXFileReference; lastKnownFileType = sourcecode.swift; path = TimerInfo.swift; sourceTree = "<group>"; };
		1076F839200C219F0080E1D3 /* TimerDirection.swift */ = {isa = PBXFileReference; lastKnownFileType = sourcecode.swift; path = TimerDirection.swift; sourceTree = "<group>"; };
		1076F83B200C23C30080E1D3 /* SubTimer.swift */ = {isa = PBXFileReference; lastKnownFileType = sourcecode.swift; path = SubTimer.swift; sourceTree = "<group>"; };
		1076F83D200C240B0080E1D3 /* TimerWarnings.swift */ = {isa = PBXFileReference; lastKnownFileType = sourcecode.swift; path = TimerWarnings.swift; sourceTree = "<group>"; };
		1076F83F200C26BA0080E1D3 /* Timer.swift */ = {isa = PBXFileReference; lastKnownFileType = sourcecode.swift; path = Timer.swift; sourceTree = "<group>"; };
		10F12726200C4CF500DE7F6D /* TableViewData.swift */ = {isa = PBXFileReference; lastKnownFileType = sourcecode.swift; path = TableViewData.swift; sourceTree = "<group>"; };
		10F12728200CD05F00DE7F6D /* UIPickerTableViewCell.swift */ = {isa = PBXFileReference; lastKnownFileType = sourcecode.swift; path = UIPickerTableViewCell.swift; sourceTree = "<group>"; };
		10F12729200CD05F00DE7F6D /* UIPickerTableViewCell.xib */ = {isa = PBXFileReference; lastKnownFileType = file.xib; path = UIPickerTableViewCell.xib; sourceTree = "<group>"; };
		10F1272C200CD07600DE7F6D /* UIPickerExpansionTableViewCell.swift */ = {isa = PBXFileReference; lastKnownFileType = sourcecode.swift; path = UIPickerExpansionTableViewCell.swift; sourceTree = "<group>"; };
		10F1272D200CD07600DE7F6D /* UIPickerExpansionTableViewCell.xib */ = {isa = PBXFileReference; lastKnownFileType = file.xib; path = UIPickerExpansionTableViewCell.xib; sourceTree = "<group>"; };
		7CDEFFFE7DAA826FC84037D4 /* Pods-WorkoutHIITTimer.debug.xcconfig */ = {isa = PBXFileReference; includeInIndex = 1; lastKnownFileType = text.xcconfig; name = "Pods-WorkoutHIITTimer.debug.xcconfig"; path = "Pods/Target Support Files/Pods-WorkoutHIITTimer/Pods-WorkoutHIITTimer.debug.xcconfig"; sourceTree = "<group>"; };
		C85C14771EB66BAE0D570D96 /* Pods-WorkoutHIITTimer.release.xcconfig */ = {isa = PBXFileReference; includeInIndex = 1; lastKnownFileType = text.xcconfig; name = "Pods-WorkoutHIITTimer.release.xcconfig"; path = "Pods/Target Support Files/Pods-WorkoutHIITTimer/Pods-WorkoutHIITTimer.release.xcconfig"; sourceTree = "<group>"; };
		DEDD5326F1F367F10C356E3F /* Pods_WorkoutHIITTimer.framework */ = {isa = PBXFileReference; explicitFileType = wrapper.framework; includeInIndex = 0; path = Pods_WorkoutHIITTimer.framework; sourceTree = BUILT_PRODUCTS_DIR; };
/* End PBXFileReference section */

/* Begin PBXFrameworksBuildPhase section */
		1071573B2006E58B00BE3739 /* Frameworks */ = {
			isa = PBXFrameworksBuildPhase;
			buildActionMask = 2147483647;
			files = (
				DDF7FC73496A17B72E02E785 /* Pods_WorkoutHIITTimer.framework in Frameworks */,
			);
			runOnlyForDeploymentPostprocessing = 0;
		};
/* End PBXFrameworksBuildPhase section */

/* Begin PBXGroup section */
		107157352006E58B00BE3739 = {
			isa = PBXGroup;
			children = (
				107157402006E58B00BE3739 /* WorkoutHIITTimer */,
				1071573F2006E58B00BE3739 /* Products */,
				F5EEAFE75A72A5C45D34FAC9 /* Pods */,
				25E795BF8FA8E1E9D522F6C6 /* Frameworks */,
			);
			sourceTree = "<group>";
		};
		1071573F2006E58B00BE3739 /* Products */ = {
			isa = PBXGroup;
			children = (
				1071573E2006E58B00BE3739 /* WorkoutHIITTimer.app */,
			);
			name = Products;
			sourceTree = "<group>";
		};
		107157402006E58B00BE3739 /* WorkoutHIITTimer */ = {
			isa = PBXGroup;
			children = (
				1076F832200C0E230080E1D3 /* Enums */,
				1076F81F200B89FA0080E1D3 /* Protocols */,
				107157502006E58B00BE3739 /* Info.plist */,
				107157412006E58B00BE3739 /* AppDelegate.swift */,
				107157572006E61400BE3739 /* Models */,
				107157562006E60500BE3739 /* Controllers */,
				1076F81E200B84F80080E1D3 /* Custom Headers */,
				1071575D2006F5AE00BE3739 /* Custom Cells */,
				107157582006E62300BE3739 /* Views */,
				107157592006E64300BE3739 /* Supporting Files */,
			);
			path = WorkoutHIITTimer;
			sourceTree = "<group>";
		};
		107157562006E60500BE3739 /* Controllers */ = {
			isa = PBXGroup;
			children = (
				1071575A2006EBC000BE3739 /* MainMenuTableViewController.swift */,
				1076F810200A388B0080E1D3 /* RoundTimerTableViewController.swift */,
			);
			path = Controllers;
			sourceTree = "<group>";
		};
		107157572006E61400BE3739 /* Models */ = {
			isa = PBXGroup;
			children = (
				107157482006E58B00BE3739 /* WorkoutHIITTimer.xcdatamodeld */,
				1076F830200C0DE90080E1D3 /* RoundTimer.swift */,
				1076F835200C10D50080E1D3 /* TimerInfo.swift */,
				1076F83B200C23C30080E1D3 /* SubTimer.swift */,
				1076F83D200C240B0080E1D3 /* TimerWarnings.swift */,
				1076F83F200C26BA0080E1D3 /* Timer.swift */,
				10F12726200C4CF500DE7F6D /* TableViewData.swift */,
			);
			path = Models;
			sourceTree = "<group>";
		};
		107157582006E62300BE3739 /* Views */ = {
			isa = PBXGroup;
			children = (
				107157452006E58B00BE3739 /* Main.storyboard */,
				1071574D2006E58B00BE3739 /* LaunchScreen.storyboard */,
			);
			path = Views;
			sourceTree = "<group>";
		};
		107157592006E64300BE3739 /* Supporting Files */ = {
			isa = PBXGroup;
			children = (
				1071574B2006E58B00BE3739 /* Assets.xcassets */,
			);
			path = "Supporting Files";
			sourceTree = "<group>";
		};
		1071575D2006F5AE00BE3739 /* Custom Cells */ = {
			isa = PBXGroup;
			children = (
				1071575E2006F61F00BE3739 /* MainMenuTableViewCell.swift */,
				1071575F2006F61F00BE3739 /* MainMenuTableViewCell.xib */,
				1076F812200A3A400080E1D3 /* UITextTableViewCell.swift */,
				1076F813200A3A400080E1D3 /* UITextTableViewCell.xib */,
				1076F82C200BFB7E0080E1D3 /* UISegmentTableViewCell.swift */,
				1076F82D200BFB7E0080E1D3 /* UISegmentTableViewCell.xib */,
				10F12728200CD05F00DE7F6D /* UIPickerTableViewCell.swift */,
				10F12729200CD05F00DE7F6D /* UIPickerTableViewCell.xib */,
				10F1272C200CD07600DE7F6D /* UIPickerExpansionTableViewCell.swift */,
				10F1272D200CD07600DE7F6D /* UIPickerExpansionTableViewCell.xib */,
			);
			path = "Custom Cells";
			sourceTree = "<group>";
		};
		1076F81E200B84F80080E1D3 /* Custom Headers */ = {
			isa = PBXGroup;
			children = (
				1076F820200B8AAE0080E1D3 /* UISwitchTableViewHeader.swift */,
				1076F822200B8B280080E1D3 /* UISwitchTableViewHeader.xib */,
				1076F824200B9DB20080E1D3 /* UITableViewHeader.swift */,
				1076F826200B9DE50080E1D3 /* UITableViewHeader.xib */,
			);
			path = "Custom Headers";
			sourceTree = "<group>";
		};
		1076F81F200B89FA0080E1D3 /* Protocols */ = {
			isa = PBXGroup;
			children = (
				1076F828200BA61F0080E1D3 /* UISwitchTableViewHeaderDelegate.swift */,
				1076F82A200BBF4E0080E1D3 /* CustomCellActions.swift */,
			);
			path = Protocols;
			sourceTree = "<group>";
		};
		1076F832200C0E230080E1D3 /* Enums */ = {
			isa = PBXGroup;
			children = (
				1076F833200C0E5F0080E1D3 /* TimerType.swift */,
				1076F839200C219F0080E1D3 /* TimerDirection.swift */,
			);
			path = Enums;
			sourceTree = "<group>";
		};
		25E795BF8FA8E1E9D522F6C6 /* Frameworks */ = {
			isa = PBXGroup;
			children = (
				DEDD5326F1F367F10C356E3F /* Pods_WorkoutHIITTimer.framework */,
			);
			name = Frameworks;
			sourceTree = "<group>";
		};
		F5EEAFE75A72A5C45D34FAC9 /* Pods */ = {
			isa = PBXGroup;
			children = (
				7CDEFFFE7DAA826FC84037D4 /* Pods-WorkoutHIITTimer.debug.xcconfig */,
				C85C14771EB66BAE0D570D96 /* Pods-WorkoutHIITTimer.release.xcconfig */,
			);
			name = Pods;
			sourceTree = "<group>";
		};
/* End PBXGroup section */

/* Begin PBXNativeTarget section */
		1071573D2006E58B00BE3739 /* WorkoutHIITTimer */ = {
			isa = PBXNativeTarget;
			buildConfigurationList = 107157532006E58C00BE3739 /* Build configuration list for PBXNativeTarget "WorkoutHIITTimer" */;
			buildPhases = (
				CEFE7C9D6C59E34D4A21439E /* [CP] Check Pods Manifest.lock */,
				1071573A2006E58B00BE3739 /* Sources */,
				1071573B2006E58B00BE3739 /* Frameworks */,
				1071573C2006E58B00BE3739 /* Resources */,
				EC8153D0B3A2072D7551CEF9 /* [CP] Embed Pods Frameworks */,
				D0A608357E03AE439EF3D38A /* [CP] Copy Pods Resources */,
			);
			buildRules = (
			);
			dependencies = (
			);
			name = WorkoutHIITTimer;
			productName = WorkoutHIITTimer;
			productReference = 1071573E2006E58B00BE3739 /* WorkoutHIITTimer.app */;
			productType = "com.apple.product-type.application";
		};
/* End PBXNativeTarget section */

/* Begin PBXProject section */
		107157362006E58B00BE3739 /* Project object */ = {
			isa = PBXProject;
			attributes = {
				LastSwiftUpdateCheck = 0920;
				LastUpgradeCheck = 0920;
				ORGANIZATIONNAME = "Warren Buckley";
				TargetAttributes = {
					1071573D2006E58B00BE3739 = {
						CreatedOnToolsVersion = 9.2;
						ProvisioningStyle = Automatic;
					};
				};
			};
			buildConfigurationList = 107157392006E58B00BE3739 /* Build configuration list for PBXProject "WorkoutHIITTimer" */;
			compatibilityVersion = "Xcode 8.0";
			developmentRegion = en;
			hasScannedForEncodings = 0;
			knownRegions = (
				en,
				Base,
			);
			mainGroup = 107157352006E58B00BE3739;
			productRefGroup = 1071573F2006E58B00BE3739 /* Products */;
			projectDirPath = "";
			projectRoot = "";
			targets = (
				1071573D2006E58B00BE3739 /* WorkoutHIITTimer */,
			);
		};
/* End PBXProject section */

/* Begin PBXResourcesBuildPhase section */
		1071573C2006E58B00BE3739 /* Resources */ = {
			isa = PBXResourcesBuildPhase;
			buildActionMask = 2147483647;
			files = (
				1071574F2006E58B00BE3739 /* LaunchScreen.storyboard in Resources */,
				1076F815200A3A400080E1D3 /* UITextTableViewCell.xib in Resources */,
				1076F827200B9DE50080E1D3 /* UITableViewHeader.xib in Resources */,
				10F1272F200CD07600DE7F6D /* UIPickerExpansionTableViewCell.xib in Resources */,
				10F1272B200CD05F00DE7F6D /* UIPickerTableViewCell.xib in Resources */,
				1076F823200B8B280080E1D3 /* UISwitchTableViewHeader.xib in Resources */,
				1071574C2006E58B00BE3739 /* Assets.xcassets in Resources */,
				107157472006E58B00BE3739 /* Main.storyboard in Resources */,
				107157612006F61F00BE3739 /* MainMenuTableViewCell.xib in Resources */,
				1076F82F200BFB7E0080E1D3 /* UISegmentTableViewCell.xib in Resources */,
			);
			runOnlyForDeploymentPostprocessing = 0;
		};
/* End PBXResourcesBuildPhase section */

/* Begin PBXShellScriptBuildPhase section */
		CEFE7C9D6C59E34D4A21439E /* [CP] Check Pods Manifest.lock */ = {
			isa = PBXShellScriptBuildPhase;
			buildActionMask = 2147483647;
			files = (
			);
			inputPaths = (
				"${PODS_PODFILE_DIR_PATH}/Podfile.lock",
				"${PODS_ROOT}/Manifest.lock",
			);
			name = "[CP] Check Pods Manifest.lock";
			outputPaths = (
				"$(DERIVED_FILE_DIR)/Pods-WorkoutHIITTimer-checkManifestLockResult.txt",
			);
			runOnlyForDeploymentPostprocessing = 0;
			shellPath = /bin/sh;
			shellScript = "diff \"${PODS_PODFILE_DIR_PATH}/Podfile.lock\" \"${PODS_ROOT}/Manifest.lock\" > /dev/null\nif [ $? != 0 ] ; then\n    # print error to STDERR\n    echo \"error: The sandbox is not in sync with the Podfile.lock. Run 'pod install' or update your CocoaPods installation.\" >&2\n    exit 1\nfi\n# This output is used by Xcode 'outputs' to avoid re-running this script phase.\necho \"SUCCESS\" > \"${SCRIPT_OUTPUT_FILE_0}\"\n";
			showEnvVarsInLog = 0;
		};
		D0A608357E03AE439EF3D38A /* [CP] Copy Pods Resources */ = {
			isa = PBXShellScriptBuildPhase;
			buildActionMask = 2147483647;
			files = (
			);
			inputPaths = (
			);
			name = "[CP] Copy Pods Resources";
			outputPaths = (
			);
			runOnlyForDeploymentPostprocessing = 0;
			shellPath = /bin/sh;
			shellScript = "\"${SRCROOT}/Pods/Target Support Files/Pods-WorkoutHIITTimer/Pods-WorkoutHIITTimer-resources.sh\"\n";
			showEnvVarsInLog = 0;
		};
		EC8153D0B3A2072D7551CEF9 /* [CP] Embed Pods Frameworks */ = {
			isa = PBXShellScriptBuildPhase;
			buildActionMask = 2147483647;
			files = (
			);
			inputPaths = (
				"${SRCROOT}/Pods/Target Support Files/Pods-WorkoutHIITTimer/Pods-WorkoutHIITTimer-frameworks.sh",
				"${BUILT_PRODUCTS_DIR}/ChameleonFramework/ChameleonFramework.framework",
				"${BUILT_PRODUCTS_DIR}/Realm/Realm.framework",
				"${BUILT_PRODUCTS_DIR}/RealmSwift/RealmSwift.framework",
				"${BUILT_PRODUCTS_DIR}/SwipeCellKit/SwipeCellKit.framework",
			);
			name = "[CP] Embed Pods Frameworks";
			outputPaths = (
				"${TARGET_BUILD_DIR}/${FRAMEWORKS_FOLDER_PATH}/ChameleonFramework.framework",
				"${TARGET_BUILD_DIR}/${FRAMEWORKS_FOLDER_PATH}/Realm.framework",
				"${TARGET_BUILD_DIR}/${FRAMEWORKS_FOLDER_PATH}/RealmSwift.framework",
				"${TARGET_BUILD_DIR}/${FRAMEWORKS_FOLDER_PATH}/SwipeCellKit.framework",
			);
			runOnlyForDeploymentPostprocessing = 0;
			shellPath = /bin/sh;
			shellScript = "\"${SRCROOT}/Pods/Target Support Files/Pods-WorkoutHIITTimer/Pods-WorkoutHIITTimer-frameworks.sh\"\n";
			showEnvVarsInLog = 0;
		};
/* End PBXShellScriptBuildPhase section */

/* Begin PBXSourcesBuildPhase section */
		1071573A2006E58B00BE3739 /* Sources */ = {
			isa = PBXSourcesBuildPhase;
			buildActionMask = 2147483647;
			files = (
				1076F82B200BBF4E0080E1D3 /* CustomCellActions.swift in Sources */,
				10F1272A200CD05F00DE7F6D /* UIPickerTableViewCell.swift in Sources */,
				1076F83A200C219F0080E1D3 /* TimerDirection.swift in Sources */,
				1076F814200A3A400080E1D3 /* UITextTableViewCell.swift in Sources */,
				1071574A2006E58B00BE3739 /* WorkoutHIITTimer.xcdatamodeld in Sources */,
				1076F83C200C23C30080E1D3 /* SubTimer.swift in Sources */,
				1076F811200A388B0080E1D3 /* RoundTimerTableViewController.swift in Sources */,
				1076F836200C10D50080E1D3 /* TimerInfo.swift in Sources */,
				1076F83E200C240B0080E1D3 /* TimerWarnings.swift in Sources */,
				1076F831200C0DE90080E1D3 /* RoundTimer.swift in Sources */,
				1076F829200BA61F0080E1D3 /* UISwitchTableViewHeaderDelegate.swift in Sources */,
				1076F821200B8AAE0080E1D3 /* UISwitchTableViewHeader.swift in Sources */,
				1076F825200B9DB20080E1D3 /* UITableViewHeader.swift in Sources */,
				1071575B2006EBC000BE3739 /* MainMenuTableViewController.swift in Sources */,
				107157422006E58B00BE3739 /* AppDelegate.swift in Sources */,
				1076F82E200BFB7E0080E1D3 /* UISegmentTableViewCell.swift in Sources */,
				1076F840200C26BA0080E1D3 /* Timer.swift in Sources */,
				1076F834200C0E5F0080E1D3 /* TimerType.swift in Sources */,
				10F1272E200CD07600DE7F6D /* UIPickerExpansionTableViewCell.swift in Sources */,
				107157602006F61F00BE3739 /* MainMenuTableViewCell.swift in Sources */,
				10F12727200C4CF500DE7F6D /* TableViewData.swift in Sources */,
			);
			runOnlyForDeploymentPostprocessing = 0;
		};
/* End PBXSourcesBuildPhase section */

/* Begin PBXVariantGroup section */
		107157452006E58B00BE3739 /* Main.storyboard */ = {
			isa = PBXVariantGroup;
			children = (
				107157462006E58B00BE3739 /* Base */,
			);
			name = Main.storyboard;
			sourceTree = "<group>";
		};
		1071574D2006E58B00BE3739 /* LaunchScreen.storyboard */ = {
			isa = PBXVariantGroup;
			children = (
				1071574E2006E58B00BE3739 /* Base */,
			);
			name = LaunchScreen.storyboard;
			sourceTree = "<group>";
		};
/* End PBXVariantGroup section */

/* Begin XCBuildConfiguration section */
		107157512006E58B00BE3739 /* Debug */ = {
			isa = XCBuildConfiguration;
			buildSettings = {
				ALWAYS_SEARCH_USER_PATHS = NO;
				CLANG_ANALYZER_NONNULL = YES;
				CLANG_ANALYZER_NUMBER_OBJECT_CONVERSION = YES_AGGRESSIVE;
				CLANG_CXX_LANGUAGE_STANDARD = "gnu++14";
				CLANG_CXX_LIBRARY = "libc++";
				CLANG_ENABLE_MODULES = YES;
				CLANG_ENABLE_OBJC_ARC = YES;
				CLANG_WARN_BLOCK_CAPTURE_AUTORELEASING = YES;
				CLANG_WARN_BOOL_CONVERSION = YES;
				CLANG_WARN_COMMA = YES;
				CLANG_WARN_CONSTANT_CONVERSION = YES;
				CLANG_WARN_DIRECT_OBJC_ISA_USAGE = YES_ERROR;
				CLANG_WARN_DOCUMENTATION_COMMENTS = YES;
				CLANG_WARN_EMPTY_BODY = YES;
				CLANG_WARN_ENUM_CONVERSION = YES;
				CLANG_WARN_INFINITE_RECURSION = YES;
				CLANG_WARN_INT_CONVERSION = YES;
				CLANG_WARN_NON_LITERAL_NULL_CONVERSION = YES;
				CLANG_WARN_OBJC_LITERAL_CONVERSION = YES;
				CLANG_WARN_OBJC_ROOT_CLASS = YES_ERROR;
				CLANG_WARN_RANGE_LOOP_ANALYSIS = YES;
				CLANG_WARN_STRICT_PROTOTYPES = YES;
				CLANG_WARN_SUSPICIOUS_MOVE = YES;
				CLANG_WARN_UNGUARDED_AVAILABILITY = YES_AGGRESSIVE;
				CLANG_WARN_UNREACHABLE_CODE = YES;
				CLANG_WARN__DUPLICATE_METHOD_MATCH = YES;
				CODE_SIGN_IDENTITY = "iPhone Developer";
				COPY_PHASE_STRIP = NO;
				DEBUG_INFORMATION_FORMAT = dwarf;
				ENABLE_STRICT_OBJC_MSGSEND = YES;
				ENABLE_TESTABILITY = YES;
				GCC_C_LANGUAGE_STANDARD = gnu11;
				GCC_DYNAMIC_NO_PIC = NO;
				GCC_NO_COMMON_BLOCKS = YES;
				GCC_OPTIMIZATION_LEVEL = 0;
				GCC_PREPROCESSOR_DEFINITIONS = (
					"DEBUG=1",
					"$(inherited)",
				);
				GCC_WARN_64_TO_32_BIT_CONVERSION = YES;
				GCC_WARN_ABOUT_RETURN_TYPE = YES_ERROR;
				GCC_WARN_UNDECLARED_SELECTOR = YES;
				GCC_WARN_UNINITIALIZED_AUTOS = YES_AGGRESSIVE;
				GCC_WARN_UNUSED_FUNCTION = YES;
				GCC_WARN_UNUSED_VARIABLE = YES;
				IPHONEOS_DEPLOYMENT_TARGET = 11.2;
				MTL_ENABLE_DEBUG_INFO = YES;
				ONLY_ACTIVE_ARCH = YES;
				SDKROOT = iphoneos;
				SWIFT_ACTIVE_COMPILATION_CONDITIONS = DEBUG;
				SWIFT_OPTIMIZATION_LEVEL = "-Onone";
			};
			name = Debug;
		};
		107157522006E58B00BE3739 /* Release */ = {
			isa = XCBuildConfiguration;
			buildSettings = {
				ALWAYS_SEARCH_USER_PATHS = NO;
				CLANG_ANALYZER_NONNULL = YES;
				CLANG_ANALYZER_NUMBER_OBJECT_CONVERSION = YES_AGGRESSIVE;
				CLANG_CXX_LANGUAGE_STANDARD = "gnu++14";
				CLANG_CXX_LIBRARY = "libc++";
				CLANG_ENABLE_MODULES = YES;
				CLANG_ENABLE_OBJC_ARC = YES;
				CLANG_WARN_BLOCK_CAPTURE_AUTORELEASING = YES;
				CLANG_WARN_BOOL_CONVERSION = YES;
				CLANG_WARN_COMMA = YES;
				CLANG_WARN_CONSTANT_CONVERSION = YES;
				CLANG_WARN_DIRECT_OBJC_ISA_USAGE = YES_ERROR;
				CLANG_WARN_DOCUMENTATION_COMMENTS = YES;
				CLANG_WARN_EMPTY_BODY = YES;
				CLANG_WARN_ENUM_CONVERSION = YES;
				CLANG_WARN_INFINITE_RECURSION = YES;
				CLANG_WARN_INT_CONVERSION = YES;
				CLANG_WARN_NON_LITERAL_NULL_CONVERSION = YES;
				CLANG_WARN_OBJC_LITERAL_CONVERSION = YES;
				CLANG_WARN_OBJC_ROOT_CLASS = YES_ERROR;
				CLANG_WARN_RANGE_LOOP_ANALYSIS = YES;
				CLANG_WARN_STRICT_PROTOTYPES = YES;
				CLANG_WARN_SUSPICIOUS_MOVE = YES;
				CLANG_WARN_UNGUARDED_AVAILABILITY = YES_AGGRESSIVE;
				CLANG_WARN_UNREACHABLE_CODE = YES;
				CLANG_WARN__DUPLICATE_METHOD_MATCH = YES;
				CODE_SIGN_IDENTITY = "iPhone Developer";
				COPY_PHASE_STRIP = NO;
				DEBUG_INFORMATION_FORMAT = "dwarf-with-dsym";
				ENABLE_NS_ASSERTIONS = NO;
				ENABLE_STRICT_OBJC_MSGSEND = YES;
				GCC_C_LANGUAGE_STANDARD = gnu11;
				GCC_NO_COMMON_BLOCKS = YES;
				GCC_WARN_64_TO_32_BIT_CONVERSION = YES;
				GCC_WARN_ABOUT_RETURN_TYPE = YES_ERROR;
				GCC_WARN_UNDECLARED_SELECTOR = YES;
				GCC_WARN_UNINITIALIZED_AUTOS = YES_AGGRESSIVE;
				GCC_WARN_UNUSED_FUNCTION = YES;
				GCC_WARN_UNUSED_VARIABLE = YES;
				IPHONEOS_DEPLOYMENT_TARGET = 11.2;
				MTL_ENABLE_DEBUG_INFO = NO;
				SDKROOT = iphoneos;
				SWIFT_OPTIMIZATION_LEVEL = "-Owholemodule";
				VALIDATE_PRODUCT = YES;
			};
			name = Release;
		};
		107157542006E58C00BE3739 /* Debug */ = {
			isa = XCBuildConfiguration;
			baseConfigurationReference = 7CDEFFFE7DAA826FC84037D4 /* Pods-WorkoutHIITTimer.debug.xcconfig */;
			buildSettings = {
				ASSETCATALOG_COMPILER_APPICON_NAME = AppIcon;
				CODE_SIGN_STYLE = Automatic;
				DEVELOPMENT_TEAM = N243WUT3NH;
				INFOPLIST_FILE = WorkoutHIITTimer/Info.plist;
				IPHONEOS_DEPLOYMENT_TARGET = 11.0;
				LD_RUNPATH_SEARCH_PATHS = "$(inherited) @executable_path/Frameworks";
				PRODUCT_BUNDLE_IDENTIFIER = com.wbuckley.WorkoutHIITTimer;
				PRODUCT_NAME = "$(TARGET_NAME)";
				SWIFT_VERSION = 4.0;
				TARGETED_DEVICE_FAMILY = "1,2";
			};
			name = Debug;
		};
		107157552006E58C00BE3739 /* Release */ = {
			isa = XCBuildConfiguration;
			baseConfigurationReference = C85C14771EB66BAE0D570D96 /* Pods-WorkoutHIITTimer.release.xcconfig */;
			buildSettings = {
				ASSETCATALOG_COMPILER_APPICON_NAME = AppIcon;
				CODE_SIGN_STYLE = Automatic;
				DEVELOPMENT_TEAM = N243WUT3NH;
				INFOPLIST_FILE = WorkoutHIITTimer/Info.plist;
				IPHONEOS_DEPLOYMENT_TARGET = 11.0;
				LD_RUNPATH_SEARCH_PATHS = "$(inherited) @executable_path/Frameworks";
				PRODUCT_BUNDLE_IDENTIFIER = com.wbuckley.WorkoutHIITTimer;
				PRODUCT_NAME = "$(TARGET_NAME)";
				SWIFT_VERSION = 4.0;
				TARGETED_DEVICE_FAMILY = "1,2";
			};
			name = Release;
		};
/* End XCBuildConfiguration section */

/* Begin XCConfigurationList section */
		107157392006E58B00BE3739 /* Build configuration list for PBXProject "WorkoutHIITTimer" */ = {
			isa = XCConfigurationList;
			buildConfigurations = (
				107157512006E58B00BE3739 /* Debug */,
				107157522006E58B00BE3739 /* Release */,
			);
			defaultConfigurationIsVisible = 0;
			defaultConfigurationName = Release;
		};
		107157532006E58C00BE3739 /* Build configuration list for PBXNativeTarget "WorkoutHIITTimer" */ = {
			isa = XCConfigurationList;
			buildConfigurations = (
				107157542006E58C00BE3739 /* Debug */,
				107157552006E58C00BE3739 /* Release */,
			);
			defaultConfigurationIsVisible = 0;
			defaultConfigurationName = Release;
		};
/* End XCConfigurationList section */

/* Begin XCVersionGroup section */
		107157482006E58B00BE3739 /* WorkoutHIITTimer.xcdatamodeld */ = {
			isa = XCVersionGroup;
			children = (
				107157492006E58B00BE3739 /* WorkoutHIITTimer.xcdatamodel */,
			);
			currentVersion = 107157492006E58B00BE3739 /* WorkoutHIITTimer.xcdatamodel */;
			path = WorkoutHIITTimer.xcdatamodeld;
			sourceTree = "<group>";
			versionGroupType = wrapper.xcdatamodel;
		};
/* End XCVersionGroup section */
	};
	rootObject = 107157362006E58B00BE3739 /* Project object */;
}
