// !$*UTF8*$!
{
	archiveVersion = 1;
	classes = {
	};
	objectVersion = 48;
	objects = {

/* Begin PBXBuildFile section */
		10175DBD20140FD200784B26 /* ExpandablePickerView.xib in Resources */ = {isa = PBXBuildFile; fileRef = 10175DBC20140FD200784B26 /* ExpandablePickerView.xib */; };
		10175DBF2014108900784B26 /* ExpandablePickerView.swift in Sources */ = {isa = PBXBuildFile; fileRef = 10175DBE2014108900784B26 /* ExpandablePickerView.swift */; };
		10175DC1201415AD00784B26 /* RoundPickerControlView.swift in Sources */ = {isa = PBXBuildFile; fileRef = 10175DC0201415AD00784B26 /* RoundPickerControlView.swift */; };
		107157422006E58B00BE3739 /* AppDelegate.swift in Sources */ = {isa = PBXBuildFile; fileRef = 107157412006E58B00BE3739 /* AppDelegate.swift */; };
		107157472006E58B00BE3739 /* Main.storyboard in Resources */ = {isa = PBXBuildFile; fileRef = 107157452006E58B00BE3739 /* Main.storyboard */; };
		1071574A2006E58B00BE3739 /* WorkoutHIITTimer.xcdatamodeld in Sources */ = {isa = PBXBuildFile; fileRef = 107157482006E58B00BE3739 /* WorkoutHIITTimer.xcdatamodeld */; };
		1071574C2006E58B00BE3739 /* Assets.xcassets in Resources */ = {isa = PBXBuildFile; fileRef = 1071574B2006E58B00BE3739 /* Assets.xcassets */; };
		1071574F2006E58B00BE3739 /* LaunchScreen.storyboard in Resources */ = {isa = PBXBuildFile; fileRef = 1071574D2006E58B00BE3739 /* LaunchScreen.storyboard */; };
		1071575B2006EBC000BE3739 /* MainMenuTableViewController.swift in Sources */ = {isa = PBXBuildFile; fileRef = 1071575A2006EBC000BE3739 /* MainMenuTableViewController.swift */; };
		107157602006F61F00BE3739 /* MainMenuTableViewCell.swift in Sources */ = {isa = PBXBuildFile; fileRef = 1071575E2006F61F00BE3739 /* MainMenuTableViewCell.swift */; };
		107157612006F61F00BE3739 /* MainMenuTableViewCell.xib in Resources */ = {isa = PBXBuildFile; fileRef = 1071575F2006F61F00BE3739 /* MainMenuTableViewCell.xib */; };
		1076F811200A388B0080E1D3 /* RoundTimerViewController.swift in Sources */ = {isa = PBXBuildFile; fileRef = 1076F810200A388B0080E1D3 /* RoundTimerViewController.swift */; };
		1076F831200C0DE90080E1D3 /* RoundTimer.swift in Sources */ = {isa = PBXBuildFile; fileRef = 1076F830200C0DE90080E1D3 /* RoundTimer.swift */; };
		1076F834200C0E5F0080E1D3 /* TimerType.swift in Sources */ = {isa = PBXBuildFile; fileRef = 1076F833200C0E5F0080E1D3 /* TimerType.swift */; };
		1076F836200C10D50080E1D3 /* TimerInfo.swift in Sources */ = {isa = PBXBuildFile; fileRef = 1076F835200C10D50080E1D3 /* TimerInfo.swift */; };
		1076F83A200C219F0080E1D3 /* TimerDirection.swift in Sources */ = {isa = PBXBuildFile; fileRef = 1076F839200C219F0080E1D3 /* TimerDirection.swift */; };
		1076F83E200C240B0080E1D3 /* TimerWarnings.swift in Sources */ = {isa = PBXBuildFile; fileRef = 1076F83D200C240B0080E1D3 /* TimerWarnings.swift */; };
		1076F840200C26BA0080E1D3 /* Timer.swift in Sources */ = {isa = PBXBuildFile; fileRef = 1076F83F200C26BA0080E1D3 /* Timer.swift */; };
		1087E43A2012F47D0075FDE6 /* PickerView.swift in Sources */ = {isa = PBXBuildFile; fileRef = 1087E4392012F47D0075FDE6 /* PickerView.swift */; };
		108B1C132013E2BC00803855 /* SoundPickerControlView.swift in Sources */ = {isa = PBXBuildFile; fileRef = 108B1C122013E2BC00803855 /* SoundPickerControlView.swift */; };
		10A51A152018AE8900F08029 /* End Beep.wav in Resources */ = {isa = PBXBuildFile; fileRef = 10A51A142018AE8800F08029 /* End Beep.wav */; };
		10A51A172018B10E00F08029 /* Count.swift in Sources */ = {isa = PBXBuildFile; fileRef = 10A51A162018B10E00F08029 /* Count.swift */; };
		10CF297D20180FF200BA9499 /* SwitchControlView.xib in Resources */ = {isa = PBXBuildFile; fileRef = 10CF297C20180FF200BA9499 /* SwitchControlView.xib */; };
		10CF297F2018106000BA9499 /* SwitchControlView.swift in Sources */ = {isa = PBXBuildFile; fileRef = 10CF297E2018106000BA9499 /* SwitchControlView.swift */; };
		10F12731200CDE5500DE7F6D /* SubTimer.swift in Sources */ = {isa = PBXBuildFile; fileRef = 10F12730200CDE5500DE7F6D /* SubTimer.swift */; };
		10F12738200D60CE00DE7F6D /* TextFieldView.xib in Resources */ = {isa = PBXBuildFile; fileRef = 10F12737200D60CE00DE7F6D /* TextFieldView.xib */; };
		10F1273A200D637E00DE7F6D /* TextFieldView.swift in Sources */ = {isa = PBXBuildFile; fileRef = 10F12739200D637E00DE7F6D /* TextFieldView.swift */; };
		10F1273C200D698B00DE7F6D /* NibFileOwnerLoadable.swift in Sources */ = {isa = PBXBuildFile; fileRef = 10F1273B200D698B00DE7F6D /* NibFileOwnerLoadable.swift */; };
		10F1273E200D7F0100DE7F6D /* SegmentControlView.xib in Resources */ = {isa = PBXBuildFile; fileRef = 10F1273D200D7F0100DE7F6D /* SegmentControlView.xib */; };
		10F12740200D809C00DE7F6D /* SegmentControlView.swift in Sources */ = {isa = PBXBuildFile; fileRef = 10F1273F200D809C00DE7F6D /* SegmentControlView.swift */; };
		10F12742200D81B200DE7F6D /* HeaderView.xib in Resources */ = {isa = PBXBuildFile; fileRef = 10F12741200D81B200DE7F6D /* HeaderView.xib */; };
		10F12744200D826E00DE7F6D /* HeaderView.swift in Sources */ = {isa = PBXBuildFile; fileRef = 10F12743200D826E00DE7F6D /* HeaderView.swift */; };
		10F12746200D8E2300DE7F6D /* HeaderSwitchView.xib in Resources */ = {isa = PBXBuildFile; fileRef = 10F12745200D8E2300DE7F6D /* HeaderSwitchView.xib */; };
		10F12748200D8F6600DE7F6D /* HeaderSwitchView.swift in Sources */ = {isa = PBXBuildFile; fileRef = 10F12747200D8F6600DE7F6D /* HeaderSwitchView.swift */; };
		10F1274C200D935000DE7F6D /* TimePickerControlView.swift in Sources */ = {isa = PBXBuildFile; fileRef = 10F1274B200D935000DE7F6D /* TimePickerControlView.swift */; };
		10F12756200EE59300DE7F6D /* PickerControlViewDelegate.swift in Sources */ = {isa = PBXBuildFile; fileRef = 10F12755200EE59300DE7F6D /* PickerControlViewDelegate.swift */; };
		10F1275A200F834200DE7F6D /* Rotate.swift in Sources */ = {isa = PBXBuildFile; fileRef = 10F12759200F834200DE7F6D /* Rotate.swift */; };
		10F1275C2010CF2800DE7F6D /* HeaderBase.swift in Sources */ = {isa = PBXBuildFile; fileRef = 10F1275B2010CF2800DE7F6D /* HeaderBase.swift */; };
		10F1275E20117C5A00DE7F6D /* PickerViewState.swift in Sources */ = {isa = PBXBuildFile; fileRef = 10F1275D20117C5A00DE7F6D /* PickerViewState.swift */; };
		10F8B86C2016BCDD00C4B037 /* Tech Beeps.wav in Resources */ = {isa = PBXBuildFile; fileRef = 10F8B8642016BCDB00C4B037 /* Tech Beeps.wav */; };
		10F8B86D2016BCDD00C4B037 /* Prison Buzzer.wav in Resources */ = {isa = PBXBuildFile; fileRef = 10F8B8652016BCDB00C4B037 /* Prison Buzzer.wav */; };
		10F8B86E2016BCDD00C4B037 /* Game Show Chime.wav in Resources */ = {isa = PBXBuildFile; fileRef = 10F8B8662016BCDC00C4B037 /* Game Show Chime.wav */; };
		10F8B86F2016BCDD00C4B037 /* Police Whistle.wav in Resources */ = {isa = PBXBuildFile; fileRef = 10F8B8672016BCDC00C4B037 /* Police Whistle.wav */; };
		10F8B8702016BCDD00C4B037 /* Hockey Horn.wav in Resources */ = {isa = PBXBuildFile; fileRef = 10F8B8682016BCDC00C4B037 /* Hockey Horn.wav */; };
		10F8B8712016BCDD00C4B037 /* Car Wash Buzzer.wav in Resources */ = {isa = PBXBuildFile; fileRef = 10F8B8692016BCDD00C4B037 /* Car Wash Buzzer.wav */; };
		10F8B8722016BCDD00C4B037 /* Space Engine Alarm.wav in Resources */ = {isa = PBXBuildFile; fileRef = 10F8B86A2016BCDD00C4B037 /* Space Engine Alarm.wav */; };
		10F8B8732016BCDD00C4B037 /* Boxing Bell.wav in Resources */ = {isa = PBXBuildFile; fileRef = 10F8B86B2016BCDD00C4B037 /* Boxing Bell.wav */; };
		DDF7FC73496A17B72E02E785 /* Pods_WorkoutHIITTimer.framework in Frameworks */ = {isa = PBXBuildFile; fileRef = DEDD5326F1F367F10C356E3F /* Pods_WorkoutHIITTimer.framework */; };
/* End PBXBuildFile section */

/* Begin PBXFileReference section */
		10175DBC20140FD200784B26 /* ExpandablePickerView.xib */ = {isa = PBXFileReference; lastKnownFileType = file.xib; path = ExpandablePickerView.xib; sourceTree = "<group>"; };
		10175DBE2014108900784B26 /* ExpandablePickerView.swift */ = {isa = PBXFileReference; lastKnownFileType = sourcecode.swift; path = ExpandablePickerView.swift; sourceTree = "<group>"; };
		10175DC0201415AD00784B26 /* RoundPickerControlView.swift */ = {isa = PBXFileReference; lastKnownFileType = sourcecode.swift; path = RoundPickerControlView.swift; sourceTree = "<group>"; };
		1071573E2006E58B00BE3739 /* WorkoutHIITTimer.app */ = {isa = PBXFileReference; explicitFileType = wrapper.application; includeInIndex = 0; path = WorkoutHIITTimer.app; sourceTree = BUILT_PRODUCTS_DIR; };
		107157412006E58B00BE3739 /* AppDelegate.swift */ = {isa = PBXFileReference; lastKnownFileType = sourcecode.swift; path = AppDelegate.swift; sourceTree = "<group>"; };
		107157462006E58B00BE3739 /* Base */ = {isa = PBXFileReference; lastKnownFileType = file.storyboard; name = Base; path = Base.lproj/Main.storyboard; sourceTree = "<group>"; };
		107157492006E58B00BE3739 /* WorkoutHIITTimer.xcdatamodel */ = {isa = PBXFileReference; lastKnownFileType = wrapper.xcdatamodel; path = WorkoutHIITTimer.xcdatamodel; sourceTree = "<group>"; };
		1071574B2006E58B00BE3739 /* Assets.xcassets */ = {isa = PBXFileReference; lastKnownFileType = folder.assetcatalog; path = Assets.xcassets; sourceTree = "<group>"; };
		1071574E2006E58B00BE3739 /* Base */ = {isa = PBXFileReference; lastKnownFileType = file.storyboard; name = Base; path = Base.lproj/LaunchScreen.storyboard; sourceTree = "<group>"; };
		107157502006E58B00BE3739 /* Info.plist */ = {isa = PBXFileReference; lastKnownFileType = text.plist.xml; path = Info.plist; sourceTree = "<group>"; };
		1071575A2006EBC000BE3739 /* MainMenuTableViewController.swift */ = {isa = PBXFileReference; lastKnownFileType = sourcecode.swift; path = MainMenuTableViewController.swift; sourceTree = "<group>"; };
		1071575E2006F61F00BE3739 /* MainMenuTableViewCell.swift */ = {isa = PBXFileReference; lastKnownFileType = sourcecode.swift; path = MainMenuTableViewCell.swift; sourceTree = "<group>"; };
		1071575F2006F61F00BE3739 /* MainMenuTableViewCell.xib */ = {isa = PBXFileReference; lastKnownFileType = file.xib; path = MainMenuTableViewCell.xib; sourceTree = "<group>"; };
		1076F810200A388B0080E1D3 /* RoundTimerViewController.swift */ = {isa = PBXFileReference; lastKnownFileType = sourcecode.swift; path = RoundTimerViewController.swift; sourceTree = "<group>"; };
		1076F830200C0DE90080E1D3 /* RoundTimer.swift */ = {isa = PBXFileReference; lastKnownFileType = sourcecode.swift; path = RoundTimer.swift; sourceTree = "<group>"; };
		1076F833200C0E5F0080E1D3 /* TimerType.swift */ = {isa = PBXFileReference; lastKnownFileType = sourcecode.swift; path = TimerType.swift; sourceTree = "<group>"; };
		1076F835200C10D50080E1D3 /* TimerInfo.swift */ = {isa = PBXFileReference; lastKnownFileType = sourcecode.swift; path = TimerInfo.swift; sourceTree = "<group>"; };
		1076F839200C219F0080E1D3 /* TimerDirection.swift */ = {isa = PBXFileReference; lastKnownFileType = sourcecode.swift; path = TimerDirection.swift; sourceTree = "<group>"; };
		1076F83D200C240B0080E1D3 /* TimerWarnings.swift */ = {isa = PBXFileReference; lastKnownFileType = sourcecode.swift; path = TimerWarnings.swift; sourceTree = "<group>"; };
		1076F83F200C26BA0080E1D3 /* Timer.swift */ = {isa = PBXFileReference; lastKnownFileType = sourcecode.swift; path = Timer.swift; sourceTree = "<group>"; };
		1087E4392012F47D0075FDE6 /* PickerView.swift */ = {isa = PBXFileReference; lastKnownFileType = sourcecode.swift; path = PickerView.swift; sourceTree = "<group>"; };
		108B1C122013E2BC00803855 /* SoundPickerControlView.swift */ = {isa = PBXFileReference; lastKnownFileType = sourcecode.swift; path = SoundPickerControlView.swift; sourceTree = "<group>"; };
		10A51A142018AE8800F08029 /* End Beep.wav */ = {isa = PBXFileReference; lastKnownFileType = audio.wav; path = "End Beep.wav"; sourceTree = "<group>"; };
		10A51A162018B10E00F08029 /* Count.swift */ = {isa = PBXFileReference; lastKnownFileType = sourcecode.swift; path = Count.swift; sourceTree = "<group>"; };
		10CF297C20180FF200BA9499 /* SwitchControlView.xib */ = {isa = PBXFileReference; lastKnownFileType = file.xib; path = SwitchControlView.xib; sourceTree = "<group>"; };
		10CF297E2018106000BA9499 /* SwitchControlView.swift */ = {isa = PBXFileReference; lastKnownFileType = sourcecode.swift; path = SwitchControlView.swift; sourceTree = "<group>"; };
		10F12730200CDE5500DE7F6D /* SubTimer.swift */ = {isa = PBXFileReference; lastKnownFileType = sourcecode.swift; path = SubTimer.swift; sourceTree = "<group>"; };
		10F12737200D60CE00DE7F6D /* TextFieldView.xib */ = {isa = PBXFileReference; lastKnownFileType = file.xib; path = TextFieldView.xib; sourceTree = "<group>"; };
		10F12739200D637E00DE7F6D /* TextFieldView.swift */ = {isa = PBXFileReference; lastKnownFileType = sourcecode.swift; path = TextFieldView.swift; sourceTree = "<group>"; };
		10F1273B200D698B00DE7F6D /* NibFileOwnerLoadable.swift */ = {isa = PBXFileReference; lastKnownFileType = sourcecode.swift; path = NibFileOwnerLoadable.swift; sourceTree = "<group>"; };
		10F1273D200D7F0100DE7F6D /* SegmentControlView.xib */ = {isa = PBXFileReference; lastKnownFileType = file.xib; path = SegmentControlView.xib; sourceTree = "<group>"; };
		10F1273F200D809C00DE7F6D /* SegmentControlView.swift */ = {isa = PBXFileReference; lastKnownFileType = sourcecode.swift; path = SegmentControlView.swift; sourceTree = "<group>"; };
		10F12741200D81B200DE7F6D /* HeaderView.xib */ = {isa = PBXFileReference; lastKnownFileType = file.xib; path = HeaderView.xib; sourceTree = "<group>"; };
		10F12743200D826E00DE7F6D /* HeaderView.swift */ = {isa = PBXFileReference; lastKnownFileType = sourcecode.swift; path = HeaderView.swift; sourceTree = "<group>"; };
		10F12745200D8E2300DE7F6D /* HeaderSwitchView.xib */ = {isa = PBXFileReference; lastKnownFileType = file.xib; path = HeaderSwitchView.xib; sourceTree = "<group>"; };
		10F12747200D8F6600DE7F6D /* HeaderSwitchView.swift */ = {isa = PBXFileReference; lastKnownFileType = sourcecode.swift; path = HeaderSwitchView.swift; sourceTree = "<group>"; };
		10F1274B200D935000DE7F6D /* TimePickerControlView.swift */ = {isa = PBXFileReference; lastKnownFileType = sourcecode.swift; path = TimePickerControlView.swift; sourceTree = "<group>"; };
		10F12755200EE59300DE7F6D /* PickerControlViewDelegate.swift */ = {isa = PBXFileReference; lastKnownFileType = sourcecode.swift; path = PickerControlViewDelegate.swift; sourceTree = "<group>"; };
		10F12759200F834200DE7F6D /* Rotate.swift */ = {isa = PBXFileReference; lastKnownFileType = sourcecode.swift; path = Rotate.swift; sourceTree = "<group>"; };
		10F1275B2010CF2800DE7F6D /* HeaderBase.swift */ = {isa = PBXFileReference; lastKnownFileType = sourcecode.swift; path = HeaderBase.swift; sourceTree = "<group>"; };
		10F1275D20117C5A00DE7F6D /* PickerViewState.swift */ = {isa = PBXFileReference; lastKnownFileType = sourcecode.swift; path = PickerViewState.swift; sourceTree = "<group>"; };
		10F8B8642016BCDB00C4B037 /* Tech Beeps.wav */ = {isa = PBXFileReference; lastKnownFileType = audio.wav; path = "Tech Beeps.wav"; sourceTree = "<group>"; };
		10F8B8652016BCDB00C4B037 /* Prison Buzzer.wav */ = {isa = PBXFileReference; lastKnownFileType = audio.wav; path = "Prison Buzzer.wav"; sourceTree = "<group>"; };
		10F8B8662016BCDC00C4B037 /* Game Show Chime.wav */ = {isa = PBXFileReference; lastKnownFileType = audio.wav; path = "Game Show Chime.wav"; sourceTree = "<group>"; };
		10F8B8672016BCDC00C4B037 /* Police Whistle.wav */ = {isa = PBXFileReference; lastKnownFileType = audio.wav; path = "Police Whistle.wav"; sourceTree = "<group>"; };
		10F8B8682016BCDC00C4B037 /* Hockey Horn.wav */ = {isa = PBXFileReference; lastKnownFileType = audio.wav; path = "Hockey Horn.wav"; sourceTree = "<group>"; };
		10F8B8692016BCDD00C4B037 /* Car Wash Buzzer.wav */ = {isa = PBXFileReference; lastKnownFileType = audio.wav; path = "Car Wash Buzzer.wav"; sourceTree = "<group>"; };
		10F8B86A2016BCDD00C4B037 /* Space Engine Alarm.wav */ = {isa = PBXFileReference; lastKnownFileType = audio.wav; path = "Space Engine Alarm.wav"; sourceTree = "<group>"; };
		10F8B86B2016BCDD00C4B037 /* Boxing Bell.wav */ = {isa = PBXFileReference; lastKnownFileType = audio.wav; path = "Boxing Bell.wav"; sourceTree = "<group>"; };
		7CDEFFFE7DAA826FC84037D4 /* Pods-WorkoutHIITTimer.debug.xcconfig */ = {isa = PBXFileReference; includeInIndex = 1; lastKnownFileType = text.xcconfig; name = "Pods-WorkoutHIITTimer.debug.xcconfig"; path = "Pods/Target Support Files/Pods-WorkoutHIITTimer/Pods-WorkoutHIITTimer.debug.xcconfig"; sourceTree = "<group>"; };
		C85C14771EB66BAE0D570D96 /* Pods-WorkoutHIITTimer.release.xcconfig */ = {isa = PBXFileReference; includeInIndex = 1; lastKnownFileType = text.xcconfig; name = "Pods-WorkoutHIITTimer.release.xcconfig"; path = "Pods/Target Support Files/Pods-WorkoutHIITTimer/Pods-WorkoutHIITTimer.release.xcconfig"; sourceTree = "<group>"; };
		DEDD5326F1F367F10C356E3F /* Pods_WorkoutHIITTimer.framework */ = {isa = PBXFileReference; explicitFileType = wrapper.framework; includeInIndex = 0; path = Pods_WorkoutHIITTimer.framework; sourceTree = BUILT_PRODUCTS_DIR; };
/* End PBXFileReference section */

/* Begin PBXFrameworksBuildPhase section */
		1071573B2006E58B00BE3739 /* Frameworks */ = {
			isa = PBXFrameworksBuildPhase;
			buildActionMask = 2147483647;
			files = (
				DDF7FC73496A17B72E02E785 /* Pods_WorkoutHIITTimer.framework in Frameworks */,
			);
			runOnlyForDeploymentPostprocessing = 0;
		};
/* End PBXFrameworksBuildPhase section */

/* Begin PBXGroup section */
		107157352006E58B00BE3739 = {
			isa = PBXGroup;
			children = (
				107157402006E58B00BE3739 /* WorkoutHIITTimer */,
				1071573F2006E58B00BE3739 /* Products */,
				F5EEAFE75A72A5C45D34FAC9 /* Pods */,
				25E795BF8FA8E1E9D522F6C6 /* Frameworks */,
			);
			sourceTree = "<group>";
		};
		1071573F2006E58B00BE3739 /* Products */ = {
			isa = PBXGroup;
			children = (
				1071573E2006E58B00BE3739 /* WorkoutHIITTimer.app */,
			);
			name = Products;
			sourceTree = "<group>";
		};
		107157402006E58B00BE3739 /* WorkoutHIITTimer */ = {
			isa = PBXGroup;
			children = (
				1076F832200C0E230080E1D3 /* Enums */,
				1076F81F200B89FA0080E1D3 /* Protocols */,
				107157502006E58B00BE3739 /* Info.plist */,
				107157412006E58B00BE3739 /* AppDelegate.swift */,
				107157572006E61400BE3739 /* Models */,
				107157562006E60500BE3739 /* Controllers */,
				1071575D2006F5AE00BE3739 /* Custom Cells */,
				107157582006E62300BE3739 /* Views */,
				10F8B8632016BC9700C4B037 /* Sound Files */,
				107157592006E64300BE3739 /* Supporting Files */,
			);
			path = WorkoutHIITTimer;
			sourceTree = "<group>";
		};
		107157562006E60500BE3739 /* Controllers */ = {
			isa = PBXGroup;
			children = (
				1071575A2006EBC000BE3739 /* MainMenuTableViewController.swift */,
				1076F810200A388B0080E1D3 /* RoundTimerViewController.swift */,
			);
			path = Controllers;
			sourceTree = "<group>";
		};
		107157572006E61400BE3739 /* Models */ = {
			isa = PBXGroup;
			children = (
				107157482006E58B00BE3739 /* WorkoutHIITTimer.xcdatamodeld */,
				1076F830200C0DE90080E1D3 /* RoundTimer.swift */,
				1076F835200C10D50080E1D3 /* TimerInfo.swift */,
				1076F83D200C240B0080E1D3 /* TimerWarnings.swift */,
				1076F83F200C26BA0080E1D3 /* Timer.swift */,
				10F12730200CDE5500DE7F6D /* SubTimer.swift */,
			);
			path = Models;
			sourceTree = "<group>";
		};
		107157582006E62300BE3739 /* Views */ = {
			isa = PBXGroup;
			children = (
				107157452006E58B00BE3739 /* Main.storyboard */,
				1071574D2006E58B00BE3739 /* LaunchScreen.storyboard */,
				10F8B8742017FEC700C4B037 /* SwitchView */,
				10F12754200E324900DE7F6D /* TextView */,
				10F12753200E323F00DE7F6D /* SegmentView */,
				10F12752200E323200DE7F6D /* HeaderView */,
				10F12751200E322200DE7F6D /* PickerVIew */,
			);
			path = Views;
			sourceTree = "<group>";
		};
		107157592006E64300BE3739 /* Supporting Files */ = {
			isa = PBXGroup;
			children = (
				1071574B2006E58B00BE3739 /* Assets.xcassets */,
			);
			path = "Supporting Files";
			sourceTree = "<group>";
		};
		1071575D2006F5AE00BE3739 /* Custom Cells */ = {
			isa = PBXGroup;
			children = (
				1071575E2006F61F00BE3739 /* MainMenuTableViewCell.swift */,
				1071575F2006F61F00BE3739 /* MainMenuTableViewCell.xib */,
			);
			path = "Custom Cells";
			sourceTree = "<group>";
		};
		1076F81F200B89FA0080E1D3 /* Protocols */ = {
			isa = PBXGroup;
			children = (
				10F1273B200D698B00DE7F6D /* NibFileOwnerLoadable.swift */,
				10F12755200EE59300DE7F6D /* PickerControlViewDelegate.swift */,
				1087E4392012F47D0075FDE6 /* PickerView.swift */,
			);
			path = Protocols;
			sourceTree = "<group>";
		};
		1076F832200C0E230080E1D3 /* Enums */ = {
			isa = PBXGroup;
			children = (
				1076F833200C0E5F0080E1D3 /* TimerType.swift */,
				1076F839200C219F0080E1D3 /* TimerDirection.swift */,
				10F12759200F834200DE7F6D /* Rotate.swift */,
				10F1275D20117C5A00DE7F6D /* PickerViewState.swift */,
				10A51A162018B10E00F08029 /* Count.swift */,
			);
			path = Enums;
			sourceTree = "<group>";
		};
		10F12751200E322200DE7F6D /* PickerVIew */ = {
			isa = PBXGroup;
			children = (
				10F1274B200D935000DE7F6D /* TimePickerControlView.swift */,
				108B1C122013E2BC00803855 /* SoundPickerControlView.swift */,
				10175DBC20140FD200784B26 /* ExpandablePickerView.xib */,
				10175DBE2014108900784B26 /* ExpandablePickerView.swift */,
				10175DC0201415AD00784B26 /* RoundPickerControlView.swift */,
			);
			path = PickerVIew;
			sourceTree = "<group>";
		};
		10F12752200E323200DE7F6D /* HeaderView */ = {
			isa = PBXGroup;
			children = (
				10F12741200D81B200DE7F6D /* HeaderView.xib */,
				10F12743200D826E00DE7F6D /* HeaderView.swift */,
				10F12745200D8E2300DE7F6D /* HeaderSwitchView.xib */,
				10F12747200D8F6600DE7F6D /* HeaderSwitchView.swift */,
				10F1275B2010CF2800DE7F6D /* HeaderBase.swift */,
			);
			path = HeaderView;
			sourceTree = "<group>";
		};
		10F12753200E323F00DE7F6D /* SegmentView */ = {
			isa = PBXGroup;
			children = (
				10F1273D200D7F0100DE7F6D /* SegmentControlView.xib */,
				10F1273F200D809C00DE7F6D /* SegmentControlView.swift */,
			);
			path = SegmentView;
			sourceTree = "<group>";
		};
		10F12754200E324900DE7F6D /* TextView */ = {
			isa = PBXGroup;
			children = (
				10F12737200D60CE00DE7F6D /* TextFieldView.xib */,
				10F12739200D637E00DE7F6D /* TextFieldView.swift */,
			);
			path = TextView;
			sourceTree = "<group>";
		};
		10F8B8632016BC9700C4B037 /* Sound Files */ = {
			isa = PBXGroup;
			children = (
				10A51A142018AE8800F08029 /* End Beep.wav */,
				10F8B86B2016BCDD00C4B037 /* Boxing Bell.wav */,
				10F8B8692016BCDD00C4B037 /* Car Wash Buzzer.wav */,
				10F8B8662016BCDC00C4B037 /* Game Show Chime.wav */,
				10F8B8682016BCDC00C4B037 /* Hockey Horn.wav */,
				10F8B8672016BCDC00C4B037 /* Police Whistle.wav */,
				10F8B8652016BCDB00C4B037 /* Prison Buzzer.wav */,
				10F8B86A2016BCDD00C4B037 /* Space Engine Alarm.wav */,
				10F8B8642016BCDB00C4B037 /* Tech Beeps.wav */,
			);
			path = "Sound Files";
			sourceTree = "<group>";
		};
		10F8B8742017FEC700C4B037 /* SwitchView */ = {
			isa = PBXGroup;
			children = (
				10CF297C20180FF200BA9499 /* SwitchControlView.xib */,
				10CF297E2018106000BA9499 /* SwitchControlView.swift */,
			);
			path = SwitchView;
			sourceTree = "<group>";
		};
		25E795BF8FA8E1E9D522F6C6 /* Frameworks */ = {
			isa = PBXGroup;
			children = (
				DEDD5326F1F367F10C356E3F /* Pods_WorkoutHIITTimer.framework */,
			);
			name = Frameworks;
			sourceTree = "<group>";
		};
		F5EEAFE75A72A5C45D34FAC9 /* Pods */ = {
			isa = PBXGroup;
			children = (
				7CDEFFFE7DAA826FC84037D4 /* Pods-WorkoutHIITTimer.debug.xcconfig */,
				C85C14771EB66BAE0D570D96 /* Pods-WorkoutHIITTimer.release.xcconfig */,
			);
			name = Pods;
			sourceTree = "<group>";
		};
/* End PBXGroup section */

/* Begin PBXNativeTarget section */
		1071573D2006E58B00BE3739 /* WorkoutHIITTimer */ = {
			isa = PBXNativeTarget;
			buildConfigurationList = 107157532006E58C00BE3739 /* Build configuration list for PBXNativeTarget "WorkoutHIITTimer" */;
			buildPhases = (
				CEFE7C9D6C59E34D4A21439E /* [CP] Check Pods Manifest.lock */,
				1071573A2006E58B00BE3739 /* Sources */,
				1071573B2006E58B00BE3739 /* Frameworks */,
				1071573C2006E58B00BE3739 /* Resources */,
				EC8153D0B3A2072D7551CEF9 /* [CP] Embed Pods Frameworks */,
				D0A608357E03AE439EF3D38A /* [CP] Copy Pods Resources */,
			);
			buildRules = (
			);
			dependencies = (
			);
			name = WorkoutHIITTimer;
			productName = WorkoutHIITTimer;
			productReference = 1071573E2006E58B00BE3739 /* WorkoutHIITTimer.app */;
			productType = "com.apple.product-type.application";
		};
/* End PBXNativeTarget section */

/* Begin PBXProject section */
		107157362006E58B00BE3739 /* Project object */ = {
			isa = PBXProject;
			attributes = {
				LastSwiftUpdateCheck = 0920;
				LastUpgradeCheck = 0920;
				ORGANIZATIONNAME = "Warren Buckley";
				TargetAttributes = {
					1071573D2006E58B00BE3739 = {
						CreatedOnToolsVersion = 9.2;
						ProvisioningStyle = Automatic;
					};
				};
			};
			buildConfigurationList = 107157392006E58B00BE3739 /* Build configuration list for PBXProject "WorkoutHIITTimer" */;
			compatibilityVersion = "Xcode 8.0";
			developmentRegion = en;
			hasScannedForEncodings = 0;
			knownRegions = (
				en,
				Base,
			);
			mainGroup = 107157352006E58B00BE3739;
			productRefGroup = 1071573F2006E58B00BE3739 /* Products */;
			projectDirPath = "";
			projectRoot = "";
			targets = (
				1071573D2006E58B00BE3739 /* WorkoutHIITTimer */,
			);
		};
/* End PBXProject section */

/* Begin PBXResourcesBuildPhase section */
		1071573C2006E58B00BE3739 /* Resources */ = {
			isa = PBXResourcesBuildPhase;
			buildActionMask = 2147483647;
			files = (
				10175DBD20140FD200784B26 /* ExpandablePickerView.xib in Resources */,
				10F8B8722016BCDD00C4B037 /* Space Engine Alarm.wav in Resources */,
				10F8B8702016BCDD00C4B037 /* Hockey Horn.wav in Resources */,
				1071574F2006E58B00BE3739 /* LaunchScreen.storyboard in Resources */,
				1071574C2006E58B00BE3739 /* Assets.xcassets in Resources */,
				10F8B8712016BCDD00C4B037 /* Car Wash Buzzer.wav in Resources */,
				10A51A152018AE8900F08029 /* End Beep.wav in Resources */,
				10F8B8732016BCDD00C4B037 /* Boxing Bell.wav in Resources */,
				10F12738200D60CE00DE7F6D /* TextFieldView.xib in Resources */,
				10F8B86F2016BCDD00C4B037 /* Police Whistle.wav in Resources */,
				10F8B86E2016BCDD00C4B037 /* Game Show Chime.wav in Resources */,
				107157472006E58B00BE3739 /* Main.storyboard in Resources */,
				10F12742200D81B200DE7F6D /* HeaderView.xib in Resources */,
				10F12746200D8E2300DE7F6D /* HeaderSwitchView.xib in Resources */,
				10F1273E200D7F0100DE7F6D /* SegmentControlView.xib in Resources */,
				10CF297D20180FF200BA9499 /* SwitchControlView.xib in Resources */,
				107157612006F61F00BE3739 /* MainMenuTableViewCell.xib in Resources */,
				10F8B86C2016BCDD00C4B037 /* Tech Beeps.wav in Resources */,
				10F8B86D2016BCDD00C4B037 /* Prison Buzzer.wav in Resources */,
			);
			runOnlyForDeploymentPostprocessing = 0;
		};
/* End PBXResourcesBuildPhase section */

/* Begin PBXShellScriptBuildPhase section */
		CEFE7C9D6C59E34D4A21439E /* [CP] Check Pods Manifest.lock */ = {
			isa = PBXShellScriptBuildPhase;
			buildActionMask = 2147483647;
			files = (
			);
			inputPaths = (
				"${PODS_PODFILE_DIR_PATH}/Podfile.lock",
				"${PODS_ROOT}/Manifest.lock",
			);
			name = "[CP] Check Pods Manifest.lock";
			outputPaths = (
				"$(DERIVED_FILE_DIR)/Pods-WorkoutHIITTimer-checkManifestLockResult.txt",
			);
			runOnlyForDeploymentPostprocessing = 0;
			shellPath = /bin/sh;
			shellScript = "diff \"${PODS_PODFILE_DIR_PATH}/Podfile.lock\" \"${PODS_ROOT}/Manifest.lock\" > /dev/null\nif [ $? != 0 ] ; then\n    # print error to STDERR\n    echo \"error: The sandbox is not in sync with the Podfile.lock. Run 'pod install' or update your CocoaPods installation.\" >&2\n    exit 1\nfi\n# This output is used by Xcode 'outputs' to avoid re-running this script phase.\necho \"SUCCESS\" > \"${SCRIPT_OUTPUT_FILE_0}\"\n";
			showEnvVarsInLog = 0;
		};
		D0A608357E03AE439EF3D38A /* [CP] Copy Pods Resources */ = {
			isa = PBXShellScriptBuildPhase;
			buildActionMask = 2147483647;
			files = (
			);
			inputPaths = (
			);
			name = "[CP] Copy Pods Resources";
			outputPaths = (
			);
			runOnlyForDeploymentPostprocessing = 0;
			shellPath = /bin/sh;
			shellScript = "\"${SRCROOT}/Pods/Target Support Files/Pods-WorkoutHIITTimer/Pods-WorkoutHIITTimer-resources.sh\"\n";
			showEnvVarsInLog = 0;
		};
		EC8153D0B3A2072D7551CEF9 /* [CP] Embed Pods Frameworks */ = {
			isa = PBXShellScriptBuildPhase;
			buildActionMask = 2147483647;
			files = (
			);
			inputPaths = (
				"${SRCROOT}/Pods/Target Support Files/Pods-WorkoutHIITTimer/Pods-WorkoutHIITTimer-frameworks.sh",
				"${BUILT_PRODUCTS_DIR}/Realm/Realm.framework",
				"${BUILT_PRODUCTS_DIR}/RealmSwift/RealmSwift.framework",
				"${BUILT_PRODUCTS_DIR}/SwipeCellKit/SwipeCellKit.framework",
			);
			name = "[CP] Embed Pods Frameworks";
			outputPaths = (
				"${TARGET_BUILD_DIR}/${FRAMEWORKS_FOLDER_PATH}/Realm.framework",
				"${TARGET_BUILD_DIR}/${FRAMEWORKS_FOLDER_PATH}/RealmSwift.framework",
				"${TARGET_BUILD_DIR}/${FRAMEWORKS_FOLDER_PATH}/SwipeCellKit.framework",
			);
			runOnlyForDeploymentPostprocessing = 0;
			shellPath = /bin/sh;
			shellScript = "\"${SRCROOT}/Pods/Target Support Files/Pods-WorkoutHIITTimer/Pods-WorkoutHIITTimer-frameworks.sh\"\n";
			showEnvVarsInLog = 0;
		};
/* End PBXShellScriptBuildPhase section */

/* Begin PBXSourcesBuildPhase section */
		1071573A2006E58B00BE3739 /* Sources */ = {
			isa = PBXSourcesBuildPhase;
			buildActionMask = 2147483647;
			files = (
				10F12756200EE59300DE7F6D /* PickerControlViewDelegate.swift in Sources */,
				10F12731200CDE5500DE7F6D /* SubTimer.swift in Sources */,
				108B1C132013E2BC00803855 /* SoundPickerControlView.swift in Sources */,
				1076F83A200C219F0080E1D3 /* TimerDirection.swift in Sources */,
				1071574A2006E58B00BE3739 /* WorkoutHIITTimer.xcdatamodeld in Sources */,
				10F1274C200D935000DE7F6D /* TimePickerControlView.swift in Sources */,
				10CF297F2018106000BA9499 /* SwitchControlView.swift in Sources */,
				1076F811200A388B0080E1D3 /* RoundTimerViewController.swift in Sources */,
				1076F836200C10D50080E1D3 /* TimerInfo.swift in Sources */,
				10F1273A200D637E00DE7F6D /* TextFieldView.swift in Sources */,
				1076F83E200C240B0080E1D3 /* TimerWarnings.swift in Sources */,
				10A51A172018B10E00F08029 /* Count.swift in Sources */,
				1076F831200C0DE90080E1D3 /* RoundTimer.swift in Sources */,
				10F12748200D8F6600DE7F6D /* HeaderSwitchView.swift in Sources */,
				1071575B2006EBC000BE3739 /* MainMenuTableViewController.swift in Sources */,
				10F1275A200F834200DE7F6D /* Rotate.swift in Sources */,
				10F1275C2010CF2800DE7F6D /* HeaderBase.swift in Sources */,
				10175DC1201415AD00784B26 /* RoundPickerControlView.swift in Sources */,
				10175DBF2014108900784B26 /* ExpandablePickerView.swift in Sources */,
				10F1273C200D698B00DE7F6D /* NibFileOwnerLoadable.swift in Sources */,
				10F12740200D809C00DE7F6D /* SegmentControlView.swift in Sources */,
				10F12744200D826E00DE7F6D /* HeaderView.swift in Sources */,
				107157422006E58B00BE3739 /* AppDelegate.swift in Sources */,
				1076F840200C26BA0080E1D3 /* Timer.swift in Sources */,
				1087E43A2012F47D0075FDE6 /* PickerView.swift in Sources */,
				1076F834200C0E5F0080E1D3 /* TimerType.swift in Sources */,
				10F1275E20117C5A00DE7F6D /* PickerViewState.swift in Sources */,
				107157602006F61F00BE3739 /* MainMenuTableViewCell.swift in Sources */,
			);
			runOnlyForDeploymentPostprocessing = 0;
		};
/* End PBXSourcesBuildPhase section */

/* Begin PBXVariantGroup section */
		107157452006E58B00BE3739 /* Main.storyboard */ = {
			isa = PBXVariantGroup;
			children = (
				107157462006E58B00BE3739 /* Base */,
			);
			name = Main.storyboard;
			sourceTree = "<group>";
		};
		1071574D2006E58B00BE3739 /* LaunchScreen.storyboard */ = {
			isa = PBXVariantGroup;
			children = (
				1071574E2006E58B00BE3739 /* Base */,
			);
			name = LaunchScreen.storyboard;
			sourceTree = "<group>";
		};
/* End PBXVariantGroup section */

/* Begin XCBuildConfiguration section */
		107157512006E58B00BE3739 /* Debug */ = {
			isa = XCBuildConfiguration;
			buildSettings = {
				ALWAYS_SEARCH_USER_PATHS = NO;
				CLANG_ANALYZER_NONNULL = YES;
				CLANG_ANALYZER_NUMBER_OBJECT_CONVERSION = YES_AGGRESSIVE;
				CLANG_CXX_LANGUAGE_STANDARD = "gnu++14";
				CLANG_CXX_LIBRARY = "libc++";
				CLANG_ENABLE_MODULES = YES;
				CLANG_ENABLE_OBJC_ARC = YES;
				CLANG_WARN_BLOCK_CAPTURE_AUTORELEASING = YES;
				CLANG_WARN_BOOL_CONVERSION = YES;
				CLANG_WARN_COMMA = YES;
				CLANG_WARN_CONSTANT_CONVERSION = YES;
				CLANG_WARN_DIRECT_OBJC_ISA_USAGE = YES_ERROR;
				CLANG_WARN_DOCUMENTATION_COMMENTS = YES;
				CLANG_WARN_EMPTY_BODY = YES;
				CLANG_WARN_ENUM_CONVERSION = YES;
				CLANG_WARN_INFINITE_RECURSION = YES;
				CLANG_WARN_INT_CONVERSION = YES;
				CLANG_WARN_NON_LITERAL_NULL_CONVERSION = YES;
				CLANG_WARN_OBJC_LITERAL_CONVERSION = YES;
				CLANG_WARN_OBJC_ROOT_CLASS = YES_ERROR;
				CLANG_WARN_RANGE_LOOP_ANALYSIS = YES;
				CLANG_WARN_STRICT_PROTOTYPES = YES;
				CLANG_WARN_SUSPICIOUS_MOVE = YES;
				CLANG_WARN_UNGUARDED_AVAILABILITY = YES_AGGRESSIVE;
				CLANG_WARN_UNREACHABLE_CODE = YES;
				CLANG_WARN__DUPLICATE_METHOD_MATCH = YES;
				CODE_SIGN_IDENTITY = "iPhone Developer";
				COPY_PHASE_STRIP = NO;
				DEBUG_INFORMATION_FORMAT = dwarf;
				ENABLE_STRICT_OBJC_MSGSEND = YES;
				ENABLE_TESTABILITY = YES;
				GCC_C_LANGUAGE_STANDARD = gnu11;
				GCC_DYNAMIC_NO_PIC = NO;
				GCC_NO_COMMON_BLOCKS = YES;
				GCC_OPTIMIZATION_LEVEL = 0;
				GCC_PREPROCESSOR_DEFINITIONS = (
					"DEBUG=1",
					"$(inherited)",
				);
				GCC_WARN_64_TO_32_BIT_CONVERSION = YES;
				GCC_WARN_ABOUT_RETURN_TYPE = YES_ERROR;
				GCC_WARN_UNDECLARED_SELECTOR = YES;
				GCC_WARN_UNINITIALIZED_AUTOS = YES_AGGRESSIVE;
				GCC_WARN_UNUSED_FUNCTION = YES;
				GCC_WARN_UNUSED_VARIABLE = YES;
				IPHONEOS_DEPLOYMENT_TARGET = 11.2;
				MTL_ENABLE_DEBUG_INFO = YES;
				ONLY_ACTIVE_ARCH = YES;
				SDKROOT = iphoneos;
				SWIFT_ACTIVE_COMPILATION_CONDITIONS = DEBUG;
				SWIFT_OPTIMIZATION_LEVEL = "-Onone";
			};
			name = Debug;
		};
		107157522006E58B00BE3739 /* Release */ = {
			isa = XCBuildConfiguration;
			buildSettings = {
				ALWAYS_SEARCH_USER_PATHS = NO;
				CLANG_ANALYZER_NONNULL = YES;
				CLANG_ANALYZER_NUMBER_OBJECT_CONVERSION = YES_AGGRESSIVE;
				CLANG_CXX_LANGUAGE_STANDARD = "gnu++14";
				CLANG_CXX_LIBRARY = "libc++";
				CLANG_ENABLE_MODULES = YES;
				CLANG_ENABLE_OBJC_ARC = YES;
				CLANG_WARN_BLOCK_CAPTURE_AUTORELEASING = YES;
				CLANG_WARN_BOOL_CONVERSION = YES;
				CLANG_WARN_COMMA = YES;
				CLANG_WARN_CONSTANT_CONVERSION = YES;
				CLANG_WARN_DIRECT_OBJC_ISA_USAGE = YES_ERROR;
				CLANG_WARN_DOCUMENTATION_COMMENTS = YES;
				CLANG_WARN_EMPTY_BODY = YES;
				CLANG_WARN_ENUM_CONVERSION = YES;
				CLANG_WARN_INFINITE_RECURSION = YES;
				CLANG_WARN_INT_CONVERSION = YES;
				CLANG_WARN_NON_LITERAL_NULL_CONVERSION = YES;
				CLANG_WARN_OBJC_LITERAL_CONVERSION = YES;
				CLANG_WARN_OBJC_ROOT_CLASS = YES_ERROR;
				CLANG_WARN_RANGE_LOOP_ANALYSIS = YES;
				CLANG_WARN_STRICT_PROTOTYPES = YES;
				CLANG_WARN_SUSPICIOUS_MOVE = YES;
				CLANG_WARN_UNGUARDED_AVAILABILITY = YES_AGGRESSIVE;
				CLANG_WARN_UNREACHABLE_CODE = YES;
				CLANG_WARN__DUPLICATE_METHOD_MATCH = YES;
				CODE_SIGN_IDENTITY = "iPhone Developer";
				COPY_PHASE_STRIP = NO;
				DEBUG_INFORMATION_FORMAT = "dwarf-with-dsym";
				ENABLE_NS_ASSERTIONS = NO;
				ENABLE_STRICT_OBJC_MSGSEND = YES;
				GCC_C_LANGUAGE_STANDARD = gnu11;
				GCC_NO_COMMON_BLOCKS = YES;
				GCC_WARN_64_TO_32_BIT_CONVERSION = YES;
				GCC_WARN_ABOUT_RETURN_TYPE = YES_ERROR;
				GCC_WARN_UNDECLARED_SELECTOR = YES;
				GCC_WARN_UNINITIALIZED_AUTOS = YES_AGGRESSIVE;
				GCC_WARN_UNUSED_FUNCTION = YES;
				GCC_WARN_UNUSED_VARIABLE = YES;
				IPHONEOS_DEPLOYMENT_TARGET = 11.2;
				MTL_ENABLE_DEBUG_INFO = NO;
				SDKROOT = iphoneos;
				SWIFT_OPTIMIZATION_LEVEL = "-Owholemodule";
				VALIDATE_PRODUCT = YES;
			};
			name = Release;
		};
		107157542006E58C00BE3739 /* Debug */ = {
			isa = XCBuildConfiguration;
			baseConfigurationReference = 7CDEFFFE7DAA826FC84037D4 /* Pods-WorkoutHIITTimer.debug.xcconfig */;
			buildSettings = {
				ASSETCATALOG_COMPILER_APPICON_NAME = AppIcon;
				CODE_SIGN_STYLE = Automatic;
				DEVELOPMENT_TEAM = N243WUT3NH;
				INFOPLIST_FILE = WorkoutHIITTimer/Info.plist;
				IPHONEOS_DEPLOYMENT_TARGET = 11.0;
				LD_RUNPATH_SEARCH_PATHS = "$(inherited) @executable_path/Frameworks";
				PRODUCT_BUNDLE_IDENTIFIER = com.wbuckley.WorkoutHIITTimer;
				PRODUCT_NAME = "$(TARGET_NAME)";
				SWIFT_VERSION = 4.0;
				TARGETED_DEVICE_FAMILY = "1,2";
			};
			name = Debug;
		};
		107157552006E58C00BE3739 /* Release */ = {
			isa = XCBuildConfiguration;
			baseConfigurationReference = C85C14771EB66BAE0D570D96 /* Pods-WorkoutHIITTimer.release.xcconfig */;
			buildSettings = {
				ASSETCATALOG_COMPILER_APPICON_NAME = AppIcon;
				CODE_SIGN_STYLE = Automatic;
				DEVELOPMENT_TEAM = N243WUT3NH;
				INFOPLIST_FILE = WorkoutHIITTimer/Info.plist;
				IPHONEOS_DEPLOYMENT_TARGET = 11.0;
				LD_RUNPATH_SEARCH_PATHS = "$(inherited) @executable_path/Frameworks";
				PRODUCT_BUNDLE_IDENTIFIER = com.wbuckley.WorkoutHIITTimer;
				PRODUCT_NAME = "$(TARGET_NAME)";
				SWIFT_VERSION = 4.0;
				TARGETED_DEVICE_FAMILY = "1,2";
			};
			name = Release;
		};
/* End XCBuildConfiguration section */

/* Begin XCConfigurationList section */
		107157392006E58B00BE3739 /* Build configuration list for PBXProject "WorkoutHIITTimer" */ = {
			isa = XCConfigurationList;
			buildConfigurations = (
				107157512006E58B00BE3739 /* Debug */,
				107157522006E58B00BE3739 /* Release */,
			);
			defaultConfigurationIsVisible = 0;
			defaultConfigurationName = Release;
		};
		107157532006E58C00BE3739 /* Build configuration list for PBXNativeTarget "WorkoutHIITTimer" */ = {
			isa = XCConfigurationList;
			buildConfigurations = (
				107157542006E58C00BE3739 /* Debug */,
				107157552006E58C00BE3739 /* Release */,
			);
			defaultConfigurationIsVisible = 0;
			defaultConfigurationName = Release;
		};
/* End XCConfigurationList section */

/* Begin XCVersionGroup section */
		107157482006E58B00BE3739 /* WorkoutHIITTimer.xcdatamodeld */ = {
			isa = XCVersionGroup;
			children = (
				107157492006E58B00BE3739 /* WorkoutHIITTimer.xcdatamodel */,
			);
			currentVersion = 107157492006E58B00BE3739 /* WorkoutHIITTimer.xcdatamodel */;
			path = WorkoutHIITTimer.xcdatamodeld;
			sourceTree = "<group>";
			versionGroupType = wrapper.xcdatamodel;
		};
/* End XCVersionGroup section */
	};
	rootObject = 107157362006E58B00BE3739 /* Project object */;
}
