// !$*UTF8*$!
{
	archiveVersion = 1;
	classes = {
	};
	objectVersion = 48;
	objects = {

/* Begin PBXBuildFile section */
		107157422006E58B00BE3739 /* AppDelegate.swift in Sources */ = {isa = PBXBuildFile; fileRef = 107157412006E58B00BE3739 /* AppDelegate.swift */; };
		107157442006E58B00BE3739 /* ViewController.swift in Sources */ = {isa = PBXBuildFile; fileRef = 107157432006E58B00BE3739 /* ViewController.swift */; };
		107157472006E58B00BE3739 /* Main.storyboard in Resources */ = {isa = PBXBuildFile; fileRef = 107157452006E58B00BE3739 /* Main.storyboard */; };
		1071574A2006E58B00BE3739 /* WorkoutHIITTimer.xcdatamodeld in Sources */ = {isa = PBXBuildFile; fileRef = 107157482006E58B00BE3739 /* WorkoutHIITTimer.xcdatamodeld */; };
		1071574C2006E58B00BE3739 /* Assets.xcassets in Resources */ = {isa = PBXBuildFile; fileRef = 1071574B2006E58B00BE3739 /* Assets.xcassets */; };
		1071574F2006E58B00BE3739 /* LaunchScreen.storyboard in Resources */ = {isa = PBXBuildFile; fileRef = 1071574D2006E58B00BE3739 /* LaunchScreen.storyboard */; };
/* End PBXBuildFile section */

/* Begin PBXFileReference section */
		1071573E2006E58B00BE3739 /* WorkoutHIITTimer.app */ = {isa = PBXFileReference; explicitFileType = wrapper.application; includeInIndex = 0; path = WorkoutHIITTimer.app; sourceTree = BUILT_PRODUCTS_DIR; };
		107157412006E58B00BE3739 /* AppDelegate.swift */ = {isa = PBXFileReference; lastKnownFileType = sourcecode.swift; path = AppDelegate.swift; sourceTree = "<group>"; };
		107157432006E58B00BE3739 /* ViewController.swift */ = {isa = PBXFileReference; lastKnownFileType = sourcecode.swift; path = ViewController.swift; sourceTree = "<group>"; };
		107157462006E58B00BE3739 /* Base */ = {isa = PBXFileReference; lastKnownFileType = file.storyboard; name = Base; path = Base.lproj/Main.storyboard; sourceTree = "<group>"; };
		107157492006E58B00BE3739 /* WorkoutHIITTimer.xcdatamodel */ = {isa = PBXFileReference; lastKnownFileType = wrapper.xcdatamodel; path = WorkoutHIITTimer.xcdatamodel; sourceTree = "<group>"; };
		1071574B2006E58B00BE3739 /* Assets.xcassets */ = {isa = PBXFileReference; lastKnownFileType = folder.assetcatalog; path = Assets.xcassets; sourceTree = "<group>"; };
		1071574E2006E58B00BE3739 /* Base */ = {isa = PBXFileReference; lastKnownFileType = file.storyboard; name = Base; path = Base.lproj/LaunchScreen.storyboard; sourceTree = "<group>"; };
		107157502006E58B00BE3739 /* Info.plist */ = {isa = PBXFileReference; lastKnownFileType = text.plist.xml; path = Info.plist; sourceTree = "<group>"; };
/* End PBXFileReference section */

/* Begin PBXFrameworksBuildPhase section */
		1071573B2006E58B00BE3739 /* Frameworks */ = {
			isa = PBXFrameworksBuildPhase;
			buildActionMask = 2147483647;
			files = (
			);
			runOnlyForDeploymentPostprocessing = 0;
		};
/* End PBXFrameworksBuildPhase section */

/* Begin PBXGroup section */
		107157352006E58B00BE3739 = {
			isa = PBXGroup;
			children = (
				107157402006E58B00BE3739 /* WorkoutHIITTimer */,
				1071573F2006E58B00BE3739 /* Products */,
			);
			sourceTree = "<group>";
		};
		1071573F2006E58B00BE3739 /* Products */ = {
			isa = PBXGroup;
			children = (
				1071573E2006E58B00BE3739 /* WorkoutHIITTimer.app */,
			);
			name = Products;
			sourceTree = "<group>";
		};
		107157402006E58B00BE3739 /* WorkoutHIITTimer */ = {
			isa = PBXGroup;
			children = (
				107157412006E58B00BE3739 /* AppDelegate.swift */,
				107157572006E61400BE3739 /* Models */,
				107157562006E60500BE3739 /* Controllers */,
				107157582006E62300BE3739 /* Views */,
				107157592006E64300BE3739 /* Supporting Files */,
			);
			path = WorkoutHIITTimer;
			sourceTree = "<group>";
		};
		107157562006E60500BE3739 /* Controllers */ = {
			isa = PBXGroup;
			children = (
				107157432006E58B00BE3739 /* ViewController.swift */,
			);
			path = Controllers;
			sourceTree = "<group>";
		};
		107157572006E61400BE3739 /* Models */ = {
			isa = PBXGroup;
			children = (
				107157482006E58B00BE3739 /* WorkoutHIITTimer.xcdatamodeld */,
			);
			path = Models;
			sourceTree = "<group>";
		};
		107157582006E62300BE3739 /* Views */ = {
			isa = PBXGroup;
			children = (
				107157452006E58B00BE3739 /* Main.storyboard */,
				1071574D2006E58B00BE3739 /* LaunchScreen.storyboard */,
			);
			path = Views;
			sourceTree = "<group>";
		};
		107157592006E64300BE3739 /* Supporting Files */ = {
			isa = PBXGroup;
			children = (
				1071574B2006E58B00BE3739 /* Assets.xcassets */,
				107157502006E58B00BE3739 /* Info.plist */,
			);
			path = "Supporting Files";
			sourceTree = "<group>";
		};
/* End PBXGroup section */

/* Begin PBXNativeTarget section */
		1071573D2006E58B00BE3739 /* WorkoutHIITTimer */ = {
			isa = PBXNativeTarget;
			buildConfigurationList = 107157532006E58C00BE3739 /* Build configuration list for PBXNativeTarget "WorkoutHIITTimer" */;
			buildPhases = (
				1071573A2006E58B00BE3739 /* Sources */,
				1071573B2006E58B00BE3739 /* Frameworks */,
				1071573C2006E58B00BE3739 /* Resources */,
			);
			buildRules = (
			);
			dependencies = (
			);
			name = WorkoutHIITTimer;
			productName = WorkoutHIITTimer;
			productReference = 1071573E2006E58B00BE3739 /* WorkoutHIITTimer.app */;
			productType = "com.apple.product-type.application";
		};
/* End PBXNativeTarget section */

/* Begin PBXProject section */
		107157362006E58B00BE3739 /* Project object */ = {
			isa = PBXProject;
			attributes = {
				LastSwiftUpdateCheck = 0920;
				LastUpgradeCheck = 0920;
				ORGANIZATIONNAME = "Warren Buckley";
				TargetAttributes = {
					1071573D2006E58B00BE3739 = {
						CreatedOnToolsVersion = 9.2;
						ProvisioningStyle = Automatic;
					};
				};
			};
			buildConfigurationList = 107157392006E58B00BE3739 /* Build configuration list for PBXProject "WorkoutHIITTimer" */;
			compatibilityVersion = "Xcode 8.0";
			developmentRegion = en;
			hasScannedForEncodings = 0;
			knownRegions = (
				en,
				Base,
			);
			mainGroup = 107157352006E58B00BE3739;
			productRefGroup = 1071573F2006E58B00BE3739 /* Products */;
			projectDirPath = "";
			projectRoot = "";
			targets = (
				1071573D2006E58B00BE3739 /* WorkoutHIITTimer */,
			);
		};
/* End PBXProject section */

/* Begin PBXResourcesBuildPhase section */
		1071573C2006E58B00BE3739 /* Resources */ = {
			isa = PBXResourcesBuildPhase;
			buildActionMask = 2147483647;
			files = (
				1071574F2006E58B00BE3739 /* LaunchScreen.storyboard in Resources */,
				1071574C2006E58B00BE3739 /* Assets.xcassets in Resources */,
				107157472006E58B00BE3739 /* Main.storyboard in Resources */,
			);
			runOnlyForDeploymentPostprocessing = 0;
		};
/* End PBXResourcesBuildPhase section */

/* Begin PBXSourcesBuildPhase section */
		1071573A2006E58B00BE3739 /* Sources */ = {
			isa = PBXSourcesBuildPhase;
			buildActionMask = 2147483647;
			files = (
				1071574A2006E58B00BE3739 /* WorkoutHIITTimer.xcdatamodeld in Sources */,
				107157442006E58B00BE3739 /* ViewController.swift in Sources */,
				107157422006E58B00BE3739 /* AppDelegate.swift in Sources */,
			);
			runOnlyForDeploymentPostprocessing = 0;
		};
/* End PBXSourcesBuildPhase section */

/* Begin PBXVariantGroup section */
		107157452006E58B00BE3739 /* Main.storyboard */ = {
			isa = PBXVariantGroup;
			children = (
				107157462006E58B00BE3739 /* Base */,
			);
			name = Main.storyboard;
			sourceTree = "<group>";
		};
		1071574D2006E58B00BE3739 /* LaunchScreen.storyboard */ = {
			isa = PBXVariantGroup;
			children = (
				1071574E2006E58B00BE3739 /* Base */,
			);
			name = LaunchScreen.storyboard;
			sourceTree = "<group>";
		};
/* End PBXVariantGroup section */

/* Begin XCBuildConfiguration section */
		107157512006E58B00BE3739 /* Debug */ = {
			isa = XCBuildConfiguration;
			buildSettings = {
				ALWAYS_SEARCH_USER_PATHS = NO;
				CLANG_ANALYZER_NONNULL = YES;
				CLANG_ANALYZER_NUMBER_OBJECT_CONVERSION = YES_AGGRESSIVE;
				CLANG_CXX_LANGUAGE_STANDARD = "gnu++14";
				CLANG_CXX_LIBRARY = "libc++";
				CLANG_ENABLE_MODULES = YES;
				CLANG_ENABLE_OBJC_ARC = YES;
				CLANG_WARN_BLOCK_CAPTURE_AUTORELEASING = YES;
				CLANG_WARN_BOOL_CONVERSION = YES;
				CLANG_WARN_COMMA = YES;
				CLANG_WARN_CONSTANT_CONVERSION = YES;
				CLANG_WARN_DIRECT_OBJC_ISA_USAGE = YES_ERROR;
				CLANG_WARN_DOCUMENTATION_COMMENTS = YES;
				CLANG_WARN_EMPTY_BODY = YES;
				CLANG_WARN_ENUM_CONVERSION = YES;
				CLANG_WARN_INFINITE_RECURSION = YES;
				CLANG_WARN_INT_CONVERSION = YES;
				CLANG_WARN_NON_LITERAL_NULL_CONVERSION = YES;
				CLANG_WARN_OBJC_LITERAL_CONVERSION = YES;
				CLANG_WARN_OBJC_ROOT_CLASS = YES_ERROR;
				CLANG_WARN_RANGE_LOOP_ANALYSIS = YES;
				CLANG_WARN_STRICT_PROTOTYPES = YES;
				CLANG_WARN_SUSPICIOUS_MOVE = YES;
				CLANG_WARN_UNGUARDED_AVAILABILITY = YES_AGGRESSIVE;
				CLANG_WARN_UNREACHABLE_CODE = YES;
				CLANG_WARN__DUPLICATE_METHOD_MATCH = YES;
				CODE_SIGN_IDENTITY = "iPhone Developer";
				COPY_PHASE_STRIP = NO;
				DEBUG_INFORMATION_FORMAT = dwarf;
				ENABLE_STRICT_OBJC_MSGSEND = YES;
				ENABLE_TESTABILITY = YES;
				GCC_C_LANGUAGE_STANDARD = gnu11;
				GCC_DYNAMIC_NO_PIC = NO;
				GCC_NO_COMMON_BLOCKS = YES;
				GCC_OPTIMIZATION_LEVEL = 0;
				GCC_PREPROCESSOR_DEFINITIONS = (
					"DEBUG=1",
					"$(inherited)",
				);
				GCC_WARN_64_TO_32_BIT_CONVERSION = YES;
				GCC_WARN_ABOUT_RETURN_TYPE = YES_ERROR;
				GCC_WARN_UNDECLARED_SELECTOR = YES;
				GCC_WARN_UNINITIALIZED_AUTOS = YES_AGGRESSIVE;
				GCC_WARN_UNUSED_FUNCTION = YES;
				GCC_WARN_UNUSED_VARIABLE = YES;
				IPHONEOS_DEPLOYMENT_TARGET = 11.2;
				MTL_ENABLE_DEBUG_INFO = YES;
				ONLY_ACTIVE_ARCH = YES;
				SDKROOT = iphoneos;
				SWIFT_ACTIVE_COMPILATION_CONDITIONS = DEBUG;
				SWIFT_OPTIMIZATION_LEVEL = "-Onone";
			};
			name = Debug;
		};
		107157522006E58B00BE3739 /* Release */ = {
			isa = XCBuildConfiguration;
			buildSettings = {
				ALWAYS_SEARCH_USER_PATHS = NO;
				CLANG_ANALYZER_NONNULL = YES;
				CLANG_ANALYZER_NUMBER_OBJECT_CONVERSION = YES_AGGRESSIVE;
				CLANG_CXX_LANGUAGE_STANDARD = "gnu++14";
				CLANG_CXX_LIBRARY = "libc++";
				CLANG_ENABLE_MODULES = YES;
				CLANG_ENABLE_OBJC_ARC = YES;
				CLANG_WARN_BLOCK_CAPTURE_AUTORELEASING = YES;
				CLANG_WARN_BOOL_CONVERSION = YES;
				CLANG_WARN_COMMA = YES;
				CLANG_WARN_CONSTANT_CONVERSION = YES;
				CLANG_WARN_DIRECT_OBJC_ISA_USAGE = YES_ERROR;
				CLANG_WARN_DOCUMENTATION_COMMENTS = YES;
				CLANG_WARN_EMPTY_BODY = YES;
				CLANG_WARN_ENUM_CONVERSION = YES;
				CLANG_WARN_INFINITE_RECURSION = YES;
				CLANG_WARN_INT_CONVERSION = YES;
				CLANG_WARN_NON_LITERAL_NULL_CONVERSION = YES;
				CLANG_WARN_OBJC_LITERAL_CONVERSION = YES;
				CLANG_WARN_OBJC_ROOT_CLASS = YES_ERROR;
				CLANG_WARN_RANGE_LOOP_ANALYSIS = YES;
				CLANG_WARN_STRICT_PROTOTYPES = YES;
				CLANG_WARN_SUSPICIOUS_MOVE = YES;
				CLANG_WARN_UNGUARDED_AVAILABILITY = YES_AGGRESSIVE;
				CLANG_WARN_UNREACHABLE_CODE = YES;
				CLANG_WARN__DUPLICATE_METHOD_MATCH = YES;
				CODE_SIGN_IDENTITY = "iPhone Developer";
				COPY_PHASE_STRIP = NO;
				DEBUG_INFORMATION_FORMAT = "dwarf-with-dsym";
				ENABLE_NS_ASSERTIONS = NO;
				ENABLE_STRICT_OBJC_MSGSEND = YES;
				GCC_C_LANGUAGE_STANDARD = gnu11;
				GCC_NO_COMMON_BLOCKS = YES;
				GCC_WARN_64_TO_32_BIT_CONVERSION = YES;
				GCC_WARN_ABOUT_RETURN_TYPE = YES_ERROR;
				GCC_WARN_UNDECLARED_SELECTOR = YES;
				GCC_WARN_UNINITIALIZED_AUTOS = YES_AGGRESSIVE;
				GCC_WARN_UNUSED_FUNCTION = YES;
				GCC_WARN_UNUSED_VARIABLE = YES;
				IPHONEOS_DEPLOYMENT_TARGET = 11.2;
				MTL_ENABLE_DEBUG_INFO = NO;
				SDKROOT = iphoneos;
				SWIFT_OPTIMIZATION_LEVEL = "-Owholemodule";
				VALIDATE_PRODUCT = YES;
			};
			name = Release;
		};
		107157542006E58C00BE3739 /* Debug */ = {
			isa = XCBuildConfiguration;
			buildSettings = {
				ASSETCATALOG_COMPILER_APPICON_NAME = AppIcon;
				CODE_SIGN_STYLE = Automatic;
				DEVELOPMENT_TEAM = N243WUT3NH;
				INFOPLIST_FILE = WorkoutHIITTimer/Info.plist;
				IPHONEOS_DEPLOYMENT_TARGET = 11.0;
				LD_RUNPATH_SEARCH_PATHS = "$(inherited) @executable_path/Frameworks";
				PRODUCT_BUNDLE_IDENTIFIER = com.wbuckley.WorkoutHIITTimer;
				PRODUCT_NAME = "$(TARGET_NAME)";
				SWIFT_VERSION = 4.0;
				TARGETED_DEVICE_FAMILY = "1,2";
			};
			name = Debug;
		};
		107157552006E58C00BE3739 /* Release */ = {
			isa = XCBuildConfiguration;
			buildSettings = {
				ASSETCATALOG_COMPILER_APPICON_NAME = AppIcon;
				CODE_SIGN_STYLE = Automatic;
				DEVELOPMENT_TEAM = N243WUT3NH;
				INFOPLIST_FILE = WorkoutHIITTimer/Info.plist;
				IPHONEOS_DEPLOYMENT_TARGET = 11.0;
				LD_RUNPATH_SEARCH_PATHS = "$(inherited) @executable_path/Frameworks";
				PRODUCT_BUNDLE_IDENTIFIER = com.wbuckley.WorkoutHIITTimer;
				PRODUCT_NAME = "$(TARGET_NAME)";
				SWIFT_VERSION = 4.0;
				TARGETED_DEVICE_FAMILY = "1,2";
			};
			name = Release;
		};
/* End XCBuildConfiguration section */

/* Begin XCConfigurationList section */
		107157392006E58B00BE3739 /* Build configuration list for PBXProject "WorkoutHIITTimer" */ = {
			isa = XCConfigurationList;
			buildConfigurations = (
				107157512006E58B00BE3739 /* Debug */,
				107157522006E58B00BE3739 /* Release */,
			);
			defaultConfigurationIsVisible = 0;
			defaultConfigurationName = Release;
		};
		107157532006E58C00BE3739 /* Build configuration list for PBXNativeTarget "WorkoutHIITTimer" */ = {
			isa = XCConfigurationList;
			buildConfigurations = (
				107157542006E58C00BE3739 /* Debug */,
				107157552006E58C00BE3739 /* Release */,
			);
			defaultConfigurationIsVisible = 0;
			defaultConfigurationName = Release;
		};
/* End XCConfigurationList section */

/* Begin XCVersionGroup section */
		107157482006E58B00BE3739 /* WorkoutHIITTimer.xcdatamodeld */ = {
			isa = XCVersionGroup;
			children = (
				107157492006E58B00BE3739 /* WorkoutHIITTimer.xcdatamodel */,
			);
			currentVersion = 107157492006E58B00BE3739 /* WorkoutHIITTimer.xcdatamodel */;
			path = WorkoutHIITTimer.xcdatamodeld;
			sourceTree = "<group>";
			versionGroupType = wrapper.xcdatamodel;
		};
/* End XCVersionGroup section */
	};
	rootObject = 107157362006E58B00BE3739 /* Project object */;
}
